// !$*UTF8*$!
{
	archiveVersion = 1;
	classes = {
	};
	objectVersion = 56;
	objects = {

/* Begin PBXBuildFile section */
		C1314E5D2BB1C91F005CF266 /* main.cpp in Sources */ = {isa = PBXBuildFile; fileRef = C1314E5C2BB1C91F005CF266 /* main.cpp */; };
		C1314E932BB27FCC005CF266 /* main.cpp in Sources */ = {isa = PBXBuildFile; fileRef = C1314E922BB27FCC005CF266 /* main.cpp */; };
		C1314E9E2BB28195005CF266 /* main.cpp in Sources */ = {isa = PBXBuildFile; fileRef = C1314E9D2BB28195005CF266 /* main.cpp */; };
		C132C12A2B8B511E00C660FB /* main.cpp in Sources */ = {isa = PBXBuildFile; fileRef = C132C1292B8B511E00C660FB /* main.cpp */; };
		C132C1352B8B54AF00C660FB /* main.cpp in Sources */ = {isa = PBXBuildFile; fileRef = C132C1342B8B54AF00C660FB /* main.cpp */; };
		C132C1402B8B561600C660FB /* main.cpp in Sources */ = {isa = PBXBuildFile; fileRef = C132C13F2B8B561600C660FB /* main.cpp */; };
		C132C1622B8CA41B00C660FB /* main.cpp in Sources */ = {isa = PBXBuildFile; fileRef = C132C1612B8CA41B00C660FB /* main.cpp */; };
		C132C16D2B8CA54300C660FB /* main.cpp in Sources */ = {isa = PBXBuildFile; fileRef = C132C16C2B8CA54300C660FB /* main.cpp */; };
		C14FA1D22BBE3E770090DEEC /* main.swift in Sources */ = {isa = PBXBuildFile; fileRef = C14FA1D12BBE3E770090DEEC /* main.swift */; };
		C14FA1DD2BBE5E040090DEEC /* main.swift in Sources */ = {isa = PBXBuildFile; fileRef = C14FA1DC2BBE5E040090DEEC /* main.swift */; };
		C15B412A2B8D9730000B045D /* main.cpp in Sources */ = {isa = PBXBuildFile; fileRef = C15B41292B8D9730000B045D /* main.cpp */; };
		C15B41352B8D97CF000B045D /* main.cpp in Sources */ = {isa = PBXBuildFile; fileRef = C15B41342B8D97CF000B045D /* main.cpp */; };
		C15B421D2B923CCB000B045D /* main.cpp in Sources */ = {isa = PBXBuildFile; fileRef = C15B421C2B923CCB000B045D /* main.cpp */; };
		C15B422A2B937B80000B045D /* main.cpp in Sources */ = {isa = PBXBuildFile; fileRef = C15B42292B937B80000B045D /* main.cpp */; };
		C15B42352B937C33000B045D /* main.cpp in Sources */ = {isa = PBXBuildFile; fileRef = C15B42342B937C33000B045D /* main.cpp */; };
		C15B42402B937E6E000B045D /* main.cpp in Sources */ = {isa = PBXBuildFile; fileRef = C15B423F2B937E6E000B045D /* main.cpp */; };
		C15B42812B961941000B045D /* main.cpp in Sources */ = {isa = PBXBuildFile; fileRef = C15B42802B961941000B045D /* main.cpp */; };
		C15B428C2B961ACA000B045D /* main.cpp in Sources */ = {isa = PBXBuildFile; fileRef = C15B428B2B961ACA000B045D /* main.cpp */; };
		C15B42972B961D07000B045D /* main.cpp in Sources */ = {isa = PBXBuildFile; fileRef = C15B42962B961D07000B045D /* main.cpp */; };
		C15B42A32B96D0A1000B045D /* main.cpp in Sources */ = {isa = PBXBuildFile; fileRef = C15B42A22B96D0A1000B045D /* main.cpp */; };
		C15B42AE2B96D278000B045D /* main.cpp in Sources */ = {isa = PBXBuildFile; fileRef = C15B42AD2B96D278000B045D /* main.cpp */; };
		C17008632B9F56AA00008BE7 /* main.cpp in Sources */ = {isa = PBXBuildFile; fileRef = C17008622B9F56AA00008BE7 /* main.cpp */; };
		C1BC98592B73D3080083E181 /* 1008.cpp in Sources */ = {isa = PBXBuildFile; fileRef = C1BC98582B73D3080083E181 /* 1008.cpp */; };
		C1BC986B2B73D79A0083E181 /* main.cpp in Sources */ = {isa = PBXBuildFile; fileRef = C1BC986A2B73D79A0083E181 /* main.cpp */; };
		C1BC98782B73DC730083E181 /* main.cpp in Sources */ = {isa = PBXBuildFile; fileRef = C1BC98772B73DC730083E181 /* main.cpp */; };
		C1BC990F2B7B8D0A0083E181 /* main.cpp in Sources */ = {isa = PBXBuildFile; fileRef = C1BC990E2B7B8D0A0083E181 /* main.cpp */; };
		C1BC991A2B7B92190083E181 /* main.cpp in Sources */ = {isa = PBXBuildFile; fileRef = C1BC99192B7B92190083E181 /* main.cpp */; };
		C1BC99252B7B93AA0083E181 /* main.cpp in Sources */ = {isa = PBXBuildFile; fileRef = C1BC99242B7B93AA0083E181 /* main.cpp */; };
		C1BC9A0F2B8640430083E181 /* main.cpp in Sources */ = {isa = PBXBuildFile; fileRef = C1BC9A0E2B8640430083E181 /* main.cpp */; };
		C1E63ABA2BA34E1B00707F53 /* main.cpp in Sources */ = {isa = PBXBuildFile; fileRef = C1E63AB92BA34E1B00707F53 /* main.cpp */; };
/* End PBXBuildFile section */

/* Begin PBXCopyFilesBuildPhase section */
		C1314E582BB1C91F005CF266 /* CopyFiles */ = {
			isa = PBXCopyFilesBuildPhase;
			buildActionMask = 2147483647;
			dstPath = /usr/share/man/man1/;
			dstSubfolderSpec = 0;
			files = (
			);
			runOnlyForDeploymentPostprocessing = 1;
		};
		C1314E8E2BB27FCC005CF266 /* CopyFiles */ = {
			isa = PBXCopyFilesBuildPhase;
			buildActionMask = 2147483647;
			dstPath = /usr/share/man/man1/;
			dstSubfolderSpec = 0;
			files = (
			);
			runOnlyForDeploymentPostprocessing = 1;
		};
		C1314E992BB28195005CF266 /* CopyFiles */ = {
			isa = PBXCopyFilesBuildPhase;
			buildActionMask = 2147483647;
			dstPath = /usr/share/man/man1/;
			dstSubfolderSpec = 0;
			files = (
			);
			runOnlyForDeploymentPostprocessing = 1;
		};
		C132C1252B8B511E00C660FB /* CopyFiles */ = {
			isa = PBXCopyFilesBuildPhase;
			buildActionMask = 2147483647;
			dstPath = /usr/share/man/man1/;
			dstSubfolderSpec = 0;
			files = (
			);
			runOnlyForDeploymentPostprocessing = 1;
		};
		C132C1302B8B54AF00C660FB /* CopyFiles */ = {
			isa = PBXCopyFilesBuildPhase;
			buildActionMask = 2147483647;
			dstPath = /usr/share/man/man1/;
			dstSubfolderSpec = 0;
			files = (
			);
			runOnlyForDeploymentPostprocessing = 1;
		};
		C132C13B2B8B561600C660FB /* CopyFiles */ = {
			isa = PBXCopyFilesBuildPhase;
			buildActionMask = 2147483647;
			dstPath = /usr/share/man/man1/;
			dstSubfolderSpec = 0;
			files = (
			);
			runOnlyForDeploymentPostprocessing = 1;
		};
		C132C15D2B8CA41B00C660FB /* CopyFiles */ = {
			isa = PBXCopyFilesBuildPhase;
			buildActionMask = 2147483647;
			dstPath = /usr/share/man/man1/;
			dstSubfolderSpec = 0;
			files = (
			);
			runOnlyForDeploymentPostprocessing = 1;
		};
		C132C1682B8CA54300C660FB /* CopyFiles */ = {
			isa = PBXCopyFilesBuildPhase;
			buildActionMask = 2147483647;
			dstPath = /usr/share/man/man1/;
			dstSubfolderSpec = 0;
			files = (
			);
			runOnlyForDeploymentPostprocessing = 1;
		};
		C14FA1CD2BBE3E770090DEEC /* CopyFiles */ = {
			isa = PBXCopyFilesBuildPhase;
			buildActionMask = 2147483647;
			dstPath = /usr/share/man/man1/;
			dstSubfolderSpec = 0;
			files = (
			);
			runOnlyForDeploymentPostprocessing = 1;
		};
		C14FA1D82BBE5E040090DEEC /* CopyFiles */ = {
			isa = PBXCopyFilesBuildPhase;
			buildActionMask = 2147483647;
			dstPath = /usr/share/man/man1/;
			dstSubfolderSpec = 0;
			files = (
			);
			runOnlyForDeploymentPostprocessing = 1;
		};
		C15B41252B8D9730000B045D /* CopyFiles */ = {
			isa = PBXCopyFilesBuildPhase;
			buildActionMask = 2147483647;
			dstPath = /usr/share/man/man1/;
			dstSubfolderSpec = 0;
			files = (
			);
			runOnlyForDeploymentPostprocessing = 1;
		};
		C15B41302B8D97CF000B045D /* CopyFiles */ = {
			isa = PBXCopyFilesBuildPhase;
			buildActionMask = 2147483647;
			dstPath = /usr/share/man/man1/;
			dstSubfolderSpec = 0;
			files = (
			);
			runOnlyForDeploymentPostprocessing = 1;
		};
		C15B42002B90DD0D000B045D /* CopyFiles */ = {
			isa = PBXCopyFilesBuildPhase;
			buildActionMask = 2147483647;
			dstPath = /usr/share/man/man1/;
			dstSubfolderSpec = 0;
			files = (
			);
			runOnlyForDeploymentPostprocessing = 1;
		};
		C15B42182B923CCB000B045D /* CopyFiles */ = {
			isa = PBXCopyFilesBuildPhase;
			buildActionMask = 2147483647;
			dstPath = /usr/share/man/man1/;
			dstSubfolderSpec = 0;
			files = (
			);
			runOnlyForDeploymentPostprocessing = 1;
		};
		C15B42252B937B80000B045D /* CopyFiles */ = {
			isa = PBXCopyFilesBuildPhase;
			buildActionMask = 2147483647;
			dstPath = /usr/share/man/man1/;
			dstSubfolderSpec = 0;
			files = (
			);
			runOnlyForDeploymentPostprocessing = 1;
		};
		C15B42302B937C33000B045D /* CopyFiles */ = {
			isa = PBXCopyFilesBuildPhase;
			buildActionMask = 2147483647;
			dstPath = /usr/share/man/man1/;
			dstSubfolderSpec = 0;
			files = (
			);
			runOnlyForDeploymentPostprocessing = 1;
		};
		C15B423B2B937E6D000B045D /* CopyFiles */ = {
			isa = PBXCopyFilesBuildPhase;
			buildActionMask = 2147483647;
			dstPath = /usr/share/man/man1/;
			dstSubfolderSpec = 0;
			files = (
			);
			runOnlyForDeploymentPostprocessing = 1;
		};
		C15B427C2B961941000B045D /* CopyFiles */ = {
			isa = PBXCopyFilesBuildPhase;
			buildActionMask = 2147483647;
			dstPath = /usr/share/man/man1/;
			dstSubfolderSpec = 0;
			files = (
			);
			runOnlyForDeploymentPostprocessing = 1;
		};
		C15B42872B961ACA000B045D /* CopyFiles */ = {
			isa = PBXCopyFilesBuildPhase;
			buildActionMask = 2147483647;
			dstPath = /usr/share/man/man1/;
			dstSubfolderSpec = 0;
			files = (
			);
			runOnlyForDeploymentPostprocessing = 1;
		};
		C15B42922B961D07000B045D /* CopyFiles */ = {
			isa = PBXCopyFilesBuildPhase;
			buildActionMask = 2147483647;
			dstPath = /usr/share/man/man1/;
			dstSubfolderSpec = 0;
			files = (
			);
			runOnlyForDeploymentPostprocessing = 1;
		};
		C15B429E2B96D0A1000B045D /* CopyFiles */ = {
			isa = PBXCopyFilesBuildPhase;
			buildActionMask = 2147483647;
			dstPath = /usr/share/man/man1/;
			dstSubfolderSpec = 0;
			files = (
			);
			runOnlyForDeploymentPostprocessing = 1;
		};
		C15B42A92B96D278000B045D /* CopyFiles */ = {
			isa = PBXCopyFilesBuildPhase;
			buildActionMask = 2147483647;
			dstPath = /usr/share/man/man1/;
			dstSubfolderSpec = 0;
			files = (
			);
			runOnlyForDeploymentPostprocessing = 1;
		};
		C170085E2B9F56AA00008BE7 /* CopyFiles */ = {
			isa = PBXCopyFilesBuildPhase;
			buildActionMask = 2147483647;
			dstPath = /usr/share/man/man1/;
			dstSubfolderSpec = 0;
			files = (
			);
			runOnlyForDeploymentPostprocessing = 1;
		};
		C1BC98532B73D3080083E181 /* CopyFiles */ = {
			isa = PBXCopyFilesBuildPhase;
			buildActionMask = 2147483647;
			dstPath = /usr/share/man/man1/;
			dstSubfolderSpec = 0;
			files = (
			);
			runOnlyForDeploymentPostprocessing = 1;
		};
		C1BC98662B73D79A0083E181 /* CopyFiles */ = {
			isa = PBXCopyFilesBuildPhase;
			buildActionMask = 2147483647;
			dstPath = /usr/share/man/man1/;
			dstSubfolderSpec = 0;
			files = (
			);
			runOnlyForDeploymentPostprocessing = 1;
		};
		C1BC98732B73DC730083E181 /* CopyFiles */ = {
			isa = PBXCopyFilesBuildPhase;
			buildActionMask = 2147483647;
			dstPath = /usr/share/man/man1/;
			dstSubfolderSpec = 0;
			files = (
			);
			runOnlyForDeploymentPostprocessing = 1;
		};
		C1BC990A2B7B8D0A0083E181 /* CopyFiles */ = {
			isa = PBXCopyFilesBuildPhase;
			buildActionMask = 2147483647;
			dstPath = /usr/share/man/man1/;
			dstSubfolderSpec = 0;
			files = (
			);
			runOnlyForDeploymentPostprocessing = 1;
		};
		C1BC99152B7B92190083E181 /* CopyFiles */ = {
			isa = PBXCopyFilesBuildPhase;
			buildActionMask = 2147483647;
			dstPath = /usr/share/man/man1/;
			dstSubfolderSpec = 0;
			files = (
			);
			runOnlyForDeploymentPostprocessing = 1;
		};
		C1BC99202B7B93AA0083E181 /* CopyFiles */ = {
			isa = PBXCopyFilesBuildPhase;
			buildActionMask = 2147483647;
			dstPath = /usr/share/man/man1/;
			dstSubfolderSpec = 0;
			files = (
			);
			runOnlyForDeploymentPostprocessing = 1;
		};
		C1BC9A0A2B8640430083E181 /* CopyFiles */ = {
			isa = PBXCopyFilesBuildPhase;
			buildActionMask = 2147483647;
			dstPath = /usr/share/man/man1/;
			dstSubfolderSpec = 0;
			files = (
			);
			runOnlyForDeploymentPostprocessing = 1;
		};
		C1E63AB52BA34E1B00707F53 /* CopyFiles */ = {
			isa = PBXCopyFilesBuildPhase;
			buildActionMask = 2147483647;
			dstPath = /usr/share/man/man1/;
			dstSubfolderSpec = 0;
			files = (
			);
			runOnlyForDeploymentPostprocessing = 1;
		};
/* End PBXCopyFilesBuildPhase section */

/* Begin PBXFileReference section */
		C1314E5A2BB1C91F005CF266 /* 4153 */ = {isa = PBXFileReference; explicitFileType = "compiled.mach-o.executable"; includeInIndex = 0; path = 4153; sourceTree = BUILT_PRODUCTS_DIR; };
		C1314E5C2BB1C91F005CF266 /* main.cpp */ = {isa = PBXFileReference; lastKnownFileType = sourcecode.cpp.cpp; path = main.cpp; sourceTree = "<group>"; };
		C1314E902BB27FCC005CF266 /* 1978 */ = {isa = PBXFileReference; explicitFileType = "compiled.mach-o.executable"; includeInIndex = 0; path = 1978; sourceTree = BUILT_PRODUCTS_DIR; };
		C1314E922BB27FCC005CF266 /* main.cpp */ = {isa = PBXFileReference; lastKnownFileType = sourcecode.cpp.cpp; path = main.cpp; sourceTree = "<group>"; };
		C1314E9B2BB28195005CF266 /* 2231 */ = {isa = PBXFileReference; explicitFileType = "compiled.mach-o.executable"; includeInIndex = 0; path = 2231; sourceTree = BUILT_PRODUCTS_DIR; };
		C1314E9D2BB28195005CF266 /* main.cpp */ = {isa = PBXFileReference; lastKnownFileType = sourcecode.cpp.cpp; path = main.cpp; sourceTree = "<group>"; };
		C132C1272B8B511E00C660FB /* 10818 */ = {isa = PBXFileReference; explicitFileType = "compiled.mach-o.executable"; includeInIndex = 0; path = 10818; sourceTree = BUILT_PRODUCTS_DIR; };
		C132C1292B8B511E00C660FB /* main.cpp */ = {isa = PBXFileReference; lastKnownFileType = sourcecode.cpp.cpp; path = main.cpp; sourceTree = "<group>"; };
		C132C1322B8B54AF00C660FB /* 27866 */ = {isa = PBXFileReference; explicitFileType = "compiled.mach-o.executable"; includeInIndex = 0; path = 27866; sourceTree = BUILT_PRODUCTS_DIR; };
		C132C1342B8B54AF00C660FB /* main.cpp */ = {isa = PBXFileReference; lastKnownFileType = sourcecode.cpp.cpp; path = main.cpp; sourceTree = "<group>"; };
		C132C13D2B8B561600C660FB /* 1436 */ = {isa = PBXFileReference; explicitFileType = "compiled.mach-o.executable"; includeInIndex = 0; path = 1436; sourceTree = BUILT_PRODUCTS_DIR; };
		C132C13F2B8B561600C660FB /* main.cpp */ = {isa = PBXFileReference; lastKnownFileType = sourcecode.cpp.cpp; path = main.cpp; sourceTree = "<group>"; };
		C132C15F2B8CA41B00C660FB /* 2739 */ = {isa = PBXFileReference; explicitFileType = "compiled.mach-o.executable"; includeInIndex = 0; path = 2739; sourceTree = BUILT_PRODUCTS_DIR; };
		C132C1612B8CA41B00C660FB /* main.cpp */ = {isa = PBXFileReference; lastKnownFileType = sourcecode.cpp.cpp; path = main.cpp; sourceTree = "<group>"; };
		C132C16A2B8CA54300C660FB /* 1018 */ = {isa = PBXFileReference; explicitFileType = "compiled.mach-o.executable"; includeInIndex = 0; path = 1018; sourceTree = BUILT_PRODUCTS_DIR; };
		C132C16C2B8CA54300C660FB /* main.cpp */ = {isa = PBXFileReference; lastKnownFileType = sourcecode.cpp.cpp; path = main.cpp; sourceTree = "<group>"; };
		C14FA1CF2BBE3E770090DEEC /* 3273 */ = {isa = PBXFileReference; explicitFileType = "compiled.mach-o.executable"; includeInIndex = 0; path = 3273; sourceTree = BUILT_PRODUCTS_DIR; };
		C14FA1D12BBE3E770090DEEC /* main.swift */ = {isa = PBXFileReference; lastKnownFileType = sourcecode.swift; path = main.swift; sourceTree = "<group>"; };
		C14FA1DA2BBE5E040090DEEC /* 1259 */ = {isa = PBXFileReference; explicitFileType = "compiled.mach-o.executable"; includeInIndex = 0; path = 1259; sourceTree = BUILT_PRODUCTS_DIR; };
		C14FA1DC2BBE5E040090DEEC /* main.swift */ = {isa = PBXFileReference; lastKnownFileType = sourcecode.swift; path = main.swift; sourceTree = "<group>"; };
		C15B41272B8D9730000B045D /* 1330 */ = {isa = PBXFileReference; explicitFileType = "compiled.mach-o.executable"; includeInIndex = 0; path = 1330; sourceTree = BUILT_PRODUCTS_DIR; };
		C15B41292B8D9730000B045D /* main.cpp */ = {isa = PBXFileReference; lastKnownFileType = sourcecode.cpp.cpp; path = main.cpp; sourceTree = "<group>"; };
		C15B41322B8D97CF000B045D /* 2675 */ = {isa = PBXFileReference; explicitFileType = "compiled.mach-o.executable"; includeInIndex = 0; path = 2675; sourceTree = BUILT_PRODUCTS_DIR; };
		C15B41342B8D97CF000B045D /* main.cpp */ = {isa = PBXFileReference; lastKnownFileType = sourcecode.cpp.cpp; path = main.cpp; sourceTree = "<group>"; };
		C15B42022B90DD0D000B045D /* 2741 */ = {isa = PBXFileReference; explicitFileType = "compiled.mach-o.executable"; includeInIndex = 0; path = 2741; sourceTree = BUILT_PRODUCTS_DIR; };
		C15B421A2B923CCB000B045D /* 10951 */ = {isa = PBXFileReference; explicitFileType = "compiled.mach-o.executable"; includeInIndex = 0; path = 10951; sourceTree = BUILT_PRODUCTS_DIR; };
		C15B421C2B923CCB000B045D /* main.cpp */ = {isa = PBXFileReference; lastKnownFileType = sourcecode.cpp.cpp; path = main.cpp; sourceTree = "<group>"; };
		C15B42272B937B80000B045D /* 2475 */ = {isa = PBXFileReference; explicitFileType = "compiled.mach-o.executable"; includeInIndex = 0; path = 2475; sourceTree = BUILT_PRODUCTS_DIR; };
		C15B42292B937B80000B045D /* main.cpp */ = {isa = PBXFileReference; lastKnownFileType = sourcecode.cpp.cpp; path = main.cpp; sourceTree = "<group>"; };
		C15B42322B937C33000B045D /* 2753 */ = {isa = PBXFileReference; explicitFileType = "compiled.mach-o.executable"; includeInIndex = 0; path = 2753; sourceTree = BUILT_PRODUCTS_DIR; };
		C15B42342B937C33000B045D /* main.cpp */ = {isa = PBXFileReference; lastKnownFileType = sourcecode.cpp.cpp; path = main.cpp; sourceTree = "<group>"; };
		C15B423D2B937E6D000B045D /* 9498 */ = {isa = PBXFileReference; explicitFileType = "compiled.mach-o.executable"; includeInIndex = 0; path = 9498; sourceTree = BUILT_PRODUCTS_DIR; };
		C15B423F2B937E6E000B045D /* main.cpp */ = {isa = PBXFileReference; lastKnownFileType = sourcecode.cpp.cpp; path = main.cpp; sourceTree = "<group>"; };
		C15B427E2B961941000B045D /* 2884 */ = {isa = PBXFileReference; explicitFileType = "compiled.mach-o.executable"; includeInIndex = 0; path = 2884; sourceTree = BUILT_PRODUCTS_DIR; };
		C15B42802B961941000B045D /* main.cpp */ = {isa = PBXFileReference; lastKnownFileType = sourcecode.cpp.cpp; path = main.cpp; sourceTree = "<group>"; };
		C15B42892B961ACA000B045D /* 10871 */ = {isa = PBXFileReference; explicitFileType = "compiled.mach-o.executable"; includeInIndex = 0; path = 10871; sourceTree = BUILT_PRODUCTS_DIR; };
		C15B428B2B961ACA000B045D /* main.cpp */ = {isa = PBXFileReference; lastKnownFileType = sourcecode.cpp.cpp; path = main.cpp; sourceTree = "<group>"; };
		C15B42942B961D07000B045D /* 2920 */ = {isa = PBXFileReference; explicitFileType = "compiled.mach-o.executable"; includeInIndex = 0; path = 2920; sourceTree = BUILT_PRODUCTS_DIR; };
		C15B42962B961D07000B045D /* main.cpp */ = {isa = PBXFileReference; lastKnownFileType = sourcecode.cpp.cpp; path = main.cpp; sourceTree = "<group>"; };
		C15B42A02B96D0A1000B045D /* 3052 */ = {isa = PBXFileReference; explicitFileType = "compiled.mach-o.executable"; includeInIndex = 0; path = 3052; sourceTree = BUILT_PRODUCTS_DIR; };
		C15B42A22B96D0A1000B045D /* main.cpp */ = {isa = PBXFileReference; lastKnownFileType = sourcecode.cpp.cpp; path = main.cpp; sourceTree = "<group>"; };
		C15B42AB2B96D278000B045D /* 8958 */ = {isa = PBXFileReference; explicitFileType = "compiled.mach-o.executable"; includeInIndex = 0; path = 8958; sourceTree = BUILT_PRODUCTS_DIR; };
		C15B42AD2B96D278000B045D /* main.cpp */ = {isa = PBXFileReference; lastKnownFileType = sourcecode.cpp.cpp; path = main.cpp; sourceTree = "<group>"; };
		C17008602B9F56AA00008BE7 /* 10809 */ = {isa = PBXFileReference; explicitFileType = "compiled.mach-o.executable"; includeInIndex = 0; path = 10809; sourceTree = BUILT_PRODUCTS_DIR; };
		C17008622B9F56AA00008BE7 /* main.cpp */ = {isa = PBXFileReference; lastKnownFileType = sourcecode.cpp.cpp; path = main.cpp; sourceTree = "<group>"; };
		C1BC98552B73D3080083E181 /* Algorithm */ = {isa = PBXFileReference; explicitFileType = "compiled.mach-o.executable"; includeInIndex = 0; path = Algorithm; sourceTree = BUILT_PRODUCTS_DIR; };
		C1BC98582B73D3080083E181 /* 1008.cpp */ = {isa = PBXFileReference; lastKnownFileType = sourcecode.cpp.cpp; path = 1008.cpp; sourceTree = "<group>"; };
		C1BC98682B73D79A0083E181 /* 1152 */ = {isa = PBXFileReference; explicitFileType = "compiled.mach-o.executable"; includeInIndex = 0; path = 1152; sourceTree = BUILT_PRODUCTS_DIR; };
		C1BC986A2B73D79A0083E181 /* main.cpp */ = {isa = PBXFileReference; lastKnownFileType = sourcecode.cpp.cpp; path = main.cpp; sourceTree = "<group>"; };
		C1BC98752B73DC730083E181 /* 1157 */ = {isa = PBXFileReference; explicitFileType = "compiled.mach-o.executable"; includeInIndex = 0; path = 1157; sourceTree = BUILT_PRODUCTS_DIR; };
		C1BC98772B73DC730083E181 /* main.cpp */ = {isa = PBXFileReference; lastKnownFileType = sourcecode.cpp.cpp; path = main.cpp; sourceTree = "<group>"; };
		C1BC990C2B7B8D0A0083E181 /* 2439 */ = {isa = PBXFileReference; explicitFileType = "compiled.mach-o.executable"; includeInIndex = 0; path = 2439; sourceTree = BUILT_PRODUCTS_DIR; };
		C1BC990E2B7B8D0A0083E181 /* main.cpp */ = {isa = PBXFileReference; lastKnownFileType = sourcecode.cpp.cpp; path = main.cpp; sourceTree = "<group>"; };
		C1BC99172B7B92190083E181 /* 2562 */ = {isa = PBXFileReference; explicitFileType = "compiled.mach-o.executable"; includeInIndex = 0; path = 2562; sourceTree = BUILT_PRODUCTS_DIR; };
		C1BC99192B7B92190083E181 /* main.cpp */ = {isa = PBXFileReference; lastKnownFileType = sourcecode.cpp.cpp; path = main.cpp; sourceTree = "<group>"; };
		C1BC99222B7B93AA0083E181 /* 2577 */ = {isa = PBXFileReference; explicitFileType = "compiled.mach-o.executable"; includeInIndex = 0; path = 2577; sourceTree = BUILT_PRODUCTS_DIR; };
		C1BC99242B7B93AA0083E181 /* main.cpp */ = {isa = PBXFileReference; lastKnownFileType = sourcecode.cpp.cpp; path = main.cpp; sourceTree = "<group>"; };
		C1BC9A0C2B8640430083E181 /* 11720 */ = {isa = PBXFileReference; explicitFileType = "compiled.mach-o.executable"; includeInIndex = 0; path = 11720; sourceTree = BUILT_PRODUCTS_DIR; };
		C1BC9A0E2B8640430083E181 /* main.cpp */ = {isa = PBXFileReference; lastKnownFileType = sourcecode.cpp.cpp; path = main.cpp; sourceTree = "<group>"; };
		C1E63AB72BA34E1B00707F53 /* 10250 */ = {isa = PBXFileReference; explicitFileType = "compiled.mach-o.executable"; includeInIndex = 0; path = 10250; sourceTree = BUILT_PRODUCTS_DIR; };
		C1E63AB92BA34E1B00707F53 /* main.cpp */ = {isa = PBXFileReference; lastKnownFileType = sourcecode.cpp.cpp; path = main.cpp; sourceTree = "<group>"; };
/* End PBXFileReference section */

/* Begin PBXFrameworksBuildPhase section */
		C1314E572BB1C91F005CF266 /* Frameworks */ = {
			isa = PBXFrameworksBuildPhase;
			buildActionMask = 2147483647;
			files = (
			);
			runOnlyForDeploymentPostprocessing = 0;
		};
		C1314E8D2BB27FCC005CF266 /* Frameworks */ = {
			isa = PBXFrameworksBuildPhase;
			buildActionMask = 2147483647;
			files = (
			);
			runOnlyForDeploymentPostprocessing = 0;
		};
		C1314E982BB28195005CF266 /* Frameworks */ = {
			isa = PBXFrameworksBuildPhase;
			buildActionMask = 2147483647;
			files = (
			);
			runOnlyForDeploymentPostprocessing = 0;
		};
		C132C1242B8B511E00C660FB /* Frameworks */ = {
			isa = PBXFrameworksBuildPhase;
			buildActionMask = 2147483647;
			files = (
			);
			runOnlyForDeploymentPostprocessing = 0;
		};
		C132C12F2B8B54AF00C660FB /* Frameworks */ = {
			isa = PBXFrameworksBuildPhase;
			buildActionMask = 2147483647;
			files = (
			);
			runOnlyForDeploymentPostprocessing = 0;
		};
		C132C13A2B8B561600C660FB /* Frameworks */ = {
			isa = PBXFrameworksBuildPhase;
			buildActionMask = 2147483647;
			files = (
			);
			runOnlyForDeploymentPostprocessing = 0;
		};
		C132C15C2B8CA41B00C660FB /* Frameworks */ = {
			isa = PBXFrameworksBuildPhase;
			buildActionMask = 2147483647;
			files = (
			);
			runOnlyForDeploymentPostprocessing = 0;
		};
		C132C1672B8CA54300C660FB /* Frameworks */ = {
			isa = PBXFrameworksBuildPhase;
			buildActionMask = 2147483647;
			files = (
			);
			runOnlyForDeploymentPostprocessing = 0;
		};
		C14FA1CC2BBE3E770090DEEC /* Frameworks */ = {
			isa = PBXFrameworksBuildPhase;
			buildActionMask = 2147483647;
			files = (
			);
			runOnlyForDeploymentPostprocessing = 0;
		};
		C14FA1D72BBE5E040090DEEC /* Frameworks */ = {
			isa = PBXFrameworksBuildPhase;
			buildActionMask = 2147483647;
			files = (
			);
			runOnlyForDeploymentPostprocessing = 0;
		};
		C15B41242B8D9730000B045D /* Frameworks */ = {
			isa = PBXFrameworksBuildPhase;
			buildActionMask = 2147483647;
			files = (
			);
			runOnlyForDeploymentPostprocessing = 0;
		};
		C15B412F2B8D97CF000B045D /* Frameworks */ = {
			isa = PBXFrameworksBuildPhase;
			buildActionMask = 2147483647;
			files = (
			);
			runOnlyForDeploymentPostprocessing = 0;
		};
		C15B41FF2B90DD0D000B045D /* Frameworks */ = {
			isa = PBXFrameworksBuildPhase;
			buildActionMask = 2147483647;
			files = (
			);
			runOnlyForDeploymentPostprocessing = 0;
		};
		C15B42172B923CCB000B045D /* Frameworks */ = {
			isa = PBXFrameworksBuildPhase;
			buildActionMask = 2147483647;
			files = (
			);
			runOnlyForDeploymentPostprocessing = 0;
		};
		C15B42242B937B80000B045D /* Frameworks */ = {
			isa = PBXFrameworksBuildPhase;
			buildActionMask = 2147483647;
			files = (
			);
			runOnlyForDeploymentPostprocessing = 0;
		};
		C15B422F2B937C33000B045D /* Frameworks */ = {
			isa = PBXFrameworksBuildPhase;
			buildActionMask = 2147483647;
			files = (
			);
			runOnlyForDeploymentPostprocessing = 0;
		};
		C15B423A2B937E6D000B045D /* Frameworks */ = {
			isa = PBXFrameworksBuildPhase;
			buildActionMask = 2147483647;
			files = (
			);
			runOnlyForDeploymentPostprocessing = 0;
		};
		C15B427B2B961941000B045D /* Frameworks */ = {
			isa = PBXFrameworksBuildPhase;
			buildActionMask = 2147483647;
			files = (
			);
			runOnlyForDeploymentPostprocessing = 0;
		};
		C15B42862B961ACA000B045D /* Frameworks */ = {
			isa = PBXFrameworksBuildPhase;
			buildActionMask = 2147483647;
			files = (
			);
			runOnlyForDeploymentPostprocessing = 0;
		};
		C15B42912B961D07000B045D /* Frameworks */ = {
			isa = PBXFrameworksBuildPhase;
			buildActionMask = 2147483647;
			files = (
			);
			runOnlyForDeploymentPostprocessing = 0;
		};
		C15B429D2B96D0A1000B045D /* Frameworks */ = {
			isa = PBXFrameworksBuildPhase;
			buildActionMask = 2147483647;
			files = (
			);
			runOnlyForDeploymentPostprocessing = 0;
		};
		C15B42A82B96D278000B045D /* Frameworks */ = {
			isa = PBXFrameworksBuildPhase;
			buildActionMask = 2147483647;
			files = (
			);
			runOnlyForDeploymentPostprocessing = 0;
		};
		C170085D2B9F56AA00008BE7 /* Frameworks */ = {
			isa = PBXFrameworksBuildPhase;
			buildActionMask = 2147483647;
			files = (
			);
			runOnlyForDeploymentPostprocessing = 0;
		};
		C1BC98522B73D3080083E181 /* Frameworks */ = {
			isa = PBXFrameworksBuildPhase;
			buildActionMask = 2147483647;
			files = (
			);
			runOnlyForDeploymentPostprocessing = 0;
		};
		C1BC98652B73D79A0083E181 /* Frameworks */ = {
			isa = PBXFrameworksBuildPhase;
			buildActionMask = 2147483647;
			files = (
			);
			runOnlyForDeploymentPostprocessing = 0;
		};
		C1BC98722B73DC730083E181 /* Frameworks */ = {
			isa = PBXFrameworksBuildPhase;
			buildActionMask = 2147483647;
			files = (
			);
			runOnlyForDeploymentPostprocessing = 0;
		};
		C1BC99092B7B8D0A0083E181 /* Frameworks */ = {
			isa = PBXFrameworksBuildPhase;
			buildActionMask = 2147483647;
			files = (
			);
			runOnlyForDeploymentPostprocessing = 0;
		};
		C1BC99142B7B92190083E181 /* Frameworks */ = {
			isa = PBXFrameworksBuildPhase;
			buildActionMask = 2147483647;
			files = (
			);
			runOnlyForDeploymentPostprocessing = 0;
		};
		C1BC991F2B7B93AA0083E181 /* Frameworks */ = {
			isa = PBXFrameworksBuildPhase;
			buildActionMask = 2147483647;
			files = (
			);
			runOnlyForDeploymentPostprocessing = 0;
		};
		C1BC9A092B8640430083E181 /* Frameworks */ = {
			isa = PBXFrameworksBuildPhase;
			buildActionMask = 2147483647;
			files = (
			);
			runOnlyForDeploymentPostprocessing = 0;
		};
		C1E63AB42BA34E1B00707F53 /* Frameworks */ = {
			isa = PBXFrameworksBuildPhase;
			buildActionMask = 2147483647;
			files = (
			);
			runOnlyForDeploymentPostprocessing = 0;
		};
/* End PBXFrameworksBuildPhase section */

/* Begin PBXGroup section */
		C1314E552BB1C8A4005CF266 /* Lev2 */ = {
			isa = PBXGroup;
			children = (
				C14FA1DB2BBE5E040090DEEC /* 1259 */,
				C1314E9C2BB28195005CF266 /* 2231 */,
				C1314E912BB27FCC005CF266 /* 1978 */,
				C1314E5B2BB1C91F005CF266 /* 4153 */,
			);
			path = Lev2;
			sourceTree = "<group>";
		};
		C1314E5B2BB1C91F005CF266 /* 4153 */ = {
			isa = PBXGroup;
			children = (
				C1314E5C2BB1C91F005CF266 /* main.cpp */,
			);
			path = 4153;
			sourceTree = "<group>";
		};
		C1314E912BB27FCC005CF266 /* 1978 */ = {
			isa = PBXGroup;
			children = (
				C1314E922BB27FCC005CF266 /* main.cpp */,
			);
			path = 1978;
			sourceTree = "<group>";
		};
		C1314E9C2BB28195005CF266 /* 2231 */ = {
			isa = PBXGroup;
			children = (
				C1314E9D2BB28195005CF266 /* main.cpp */,
			);
			path = 2231;
			sourceTree = "<group>";
		};
		C132C1282B8B511E00C660FB /* 10818 */ = {
			isa = PBXGroup;
			children = (
				C132C1292B8B511E00C660FB /* main.cpp */,
			);
			path = 10818;
			sourceTree = "<group>";
		};
		C132C1332B8B54AF00C660FB /* 27866 */ = {
			isa = PBXGroup;
			children = (
				C132C1342B8B54AF00C660FB /* main.cpp */,
			);
			path = 27866;
			sourceTree = "<group>";
		};
		C132C13E2B8B561600C660FB /* 1436 */ = {
			isa = PBXGroup;
			children = (
				C132C13F2B8B561600C660FB /* main.cpp */,
			);
			path = 1436;
			sourceTree = "<group>";
		};
		C132C1442B8B562300C660FB /* BruteForce */ = {
			isa = PBXGroup;
			children = (
				C132C1452B8B563100C660FB /* Lev2 */,
			);
			path = BruteForce;
			sourceTree = "<group>";
		};
		C132C1452B8B563100C660FB /* Lev2 */ = {
			isa = PBXGroup;
			children = (
				C132C16B2B8CA54300C660FB /* 1018 */,
				C132C13E2B8B561600C660FB /* 1436 */,
			);
			path = Lev2;
			sourceTree = "<group>";
		};
		C132C1602B8CA41B00C660FB /* 2739 */ = {
			isa = PBXGroup;
			children = (
				C132C1612B8CA41B00C660FB /* main.cpp */,
			);
			path = 2739;
			sourceTree = "<group>";
		};
		C132C16B2B8CA54300C660FB /* 1018 */ = {
			isa = PBXGroup;
			children = (
				C132C16C2B8CA54300C660FB /* main.cpp */,
			);
			path = 1018;
			sourceTree = "<group>";
		};
		C14FA1D02BBE3E770090DEEC /* 3273 */ = {
			isa = PBXGroup;
			children = (
				C14FA1D12BBE3E770090DEEC /* main.swift */,
			);
			path = 3273;
			sourceTree = "<group>";
		};
		C14FA1DB2BBE5E040090DEEC /* 1259 */ = {
			isa = PBXGroup;
			children = (
				C14FA1DC2BBE5E040090DEEC /* main.swift */,
			);
			path = 1259;
			sourceTree = "<group>";
		};
		C15B41282B8D9730000B045D /* 1330 */ = {
			isa = PBXGroup;
			children = (
				C15B41292B8D9730000B045D /* main.cpp */,
			);
			path = 1330;
			sourceTree = "<group>";
		};
		C15B41332B8D97CF000B045D /* 2675 */ = {
			isa = PBXGroup;
			children = (
				C15B41342B8D97CF000B045D /* main.cpp */,
			);
			path = 2675;
			sourceTree = "<group>";
		};
		C15B421B2B923CCB000B045D /* 10951 */ = {
			isa = PBXGroup;
			children = (
				C15B421C2B923CCB000B045D /* main.cpp */,
			);
			path = 10951;
			sourceTree = "<group>";
		};
		C15B42282B937B80000B045D /* 2475 */ = {
			isa = PBXGroup;
			children = (
				C15B42292B937B80000B045D /* main.cpp */,
			);
			path = 2475;
			sourceTree = "<group>";
		};
		C15B42332B937C33000B045D /* 2753 */ = {
			isa = PBXGroup;
			children = (
				C15B42342B937C33000B045D /* main.cpp */,
			);
			path = 2753;
			sourceTree = "<group>";
		};
		C15B423E2B937E6E000B045D /* 9498 */ = {
			isa = PBXGroup;
			children = (
				C15B423F2B937E6E000B045D /* main.cpp */,
			);
			path = 9498;
			sourceTree = "<group>";
		};
		C15B427F2B961941000B045D /* 2884 */ = {
			isa = PBXGroup;
			children = (
				C15B42802B961941000B045D /* main.cpp */,
			);
			path = 2884;
			sourceTree = "<group>";
		};
		C15B428A2B961ACA000B045D /* 10871 */ = {
			isa = PBXGroup;
			children = (
				C15B428B2B961ACA000B045D /* main.cpp */,
			);
			path = 10871;
			sourceTree = "<group>";
		};
		C15B42952B961D07000B045D /* 2920 */ = {
			isa = PBXGroup;
			children = (
				C15B42962B961D07000B045D /* main.cpp */,
			);
			path = 2920;
			sourceTree = "<group>";
		};
		C15B42A12B96D0A1000B045D /* 3052 */ = {
			isa = PBXGroup;
			children = (
				C15B42A22B96D0A1000B045D /* main.cpp */,
			);
			path = 3052;
			sourceTree = "<group>";
		};
		C15B42AC2B96D278000B045D /* 8958 */ = {
			isa = PBXGroup;
			children = (
				C15B42AD2B96D278000B045D /* main.cpp */,
			);
			path = 8958;
			sourceTree = "<group>";
		};
		C17008612B9F56AA00008BE7 /* 10809 */ = {
			isa = PBXGroup;
			children = (
				C17008622B9F56AA00008BE7 /* main.cpp */,
			);
			path = 10809;
			sourceTree = "<group>";
		};
		C1BC984C2B73D3070083E181 = {
			isa = PBXGroup;
			children = (
				C1BC98572B73D3080083E181 /* Algorithm */,
				C14FA1D02BBE3E770090DEEC /* 3273 */,
				C1BC98562B73D3080083E181 /* Products */,
			);
			sourceTree = "<group>";
		};
		C1BC98562B73D3080083E181 /* Products */ = {
			isa = PBXGroup;
			children = (
				C1BC98552B73D3080083E181 /* Algorithm */,
				C1BC98682B73D79A0083E181 /* 1152 */,
				C1BC98752B73DC730083E181 /* 1157 */,
				C1BC990C2B7B8D0A0083E181 /* 2439 */,
				C1BC99172B7B92190083E181 /* 2562 */,
				C1BC99222B7B93AA0083E181 /* 2577 */,
				C1BC9A0C2B8640430083E181 /* 11720 */,
				C132C1272B8B511E00C660FB /* 10818 */,
				C132C1322B8B54AF00C660FB /* 27866 */,
				C132C13D2B8B561600C660FB /* 1436 */,
				C132C15F2B8CA41B00C660FB /* 2739 */,
				C132C16A2B8CA54300C660FB /* 1018 */,
				C15B41272B8D9730000B045D /* 1330 */,
				C15B41322B8D97CF000B045D /* 2675 */,
				C15B42022B90DD0D000B045D /* 2741 */,
				C15B421A2B923CCB000B045D /* 10951 */,
				C15B42272B937B80000B045D /* 2475 */,
				C15B42322B937C33000B045D /* 2753 */,
				C15B423D2B937E6D000B045D /* 9498 */,
				C15B427E2B961941000B045D /* 2884 */,
				C15B42892B961ACA000B045D /* 10871 */,
				C15B42942B961D07000B045D /* 2920 */,
				C15B42A02B96D0A1000B045D /* 3052 */,
				C15B42AB2B96D278000B045D /* 8958 */,
				C17008602B9F56AA00008BE7 /* 10809 */,
				C1E63AB72BA34E1B00707F53 /* 10250 */,
				C1314E5A2BB1C91F005CF266 /* 4153 */,
				C1314E902BB27FCC005CF266 /* 1978 */,
				C1314E9B2BB28195005CF266 /* 2231 */,
				C14FA1CF2BBE3E770090DEEC /* 3273 */,
				C14FA1DA2BBE5E040090DEEC /* 1259 */,
			);
			name = Products;
			sourceTree = "<group>";
		};
		C1BC98572B73D3080083E181 /* Algorithm */ = {
			isa = PBXGroup;
			children = (
				C132C1442B8B562300C660FB /* BruteForce */,
				C1BC986F2B73DBE00083E181 /* Implementation */,
			);
			path = Algorithm;
			sourceTree = "<group>";
		};
		C1BC98692B73D79A0083E181 /* 1152 */ = {
			isa = PBXGroup;
			children = (
				C1BC986A2B73D79A0083E181 /* main.cpp */,
			);
			path = 1152;
			sourceTree = "<group>";
		};
		C1BC986F2B73DBE00083E181 /* Implementation */ = {
			isa = PBXGroup;
			children = (
				C1314E552BB1C8A4005CF266 /* Lev2 */,
				C1BC98702B73DC0A0083E181 /* Lev1 */,
			);
			path = Implementation;
			sourceTree = "<group>";
		};
		C1BC98702B73DC0A0083E181 /* Lev1 */ = {
			isa = PBXGroup;
			children = (
				C1E63AB82BA34E1B00707F53 /* 10250 */,
				C15B42AC2B96D278000B045D /* 8958 */,
				C15B42A12B96D0A1000B045D /* 3052 */,
				C17008612B9F56AA00008BE7 /* 10809 */,
				C15B42282B937B80000B045D /* 2475 */,
				C15B42332B937C33000B045D /* 2753 */,
				C15B423E2B937E6E000B045D /* 9498 */,
				C15B427F2B961941000B045D /* 2884 */,
				C15B428A2B961ACA000B045D /* 10871 */,
				C15B42952B961D07000B045D /* 2920 */,
				C15B421B2B923CCB000B045D /* 10951 */,
				C15B41332B8D97CF000B045D /* 2675 */,
				C15B41282B8D9730000B045D /* 1330 */,
				C132C1602B8CA41B00C660FB /* 2739 */,
				C132C1332B8B54AF00C660FB /* 27866 */,
				C132C1282B8B511E00C660FB /* 10818 */,
				C1BC9A0D2B8640430083E181 /* 11720 */,
				C1BC99232B7B93AA0083E181 /* 2577 */,
				C1BC99182B7B92190083E181 /* 2562 */,
				C1BC990D2B7B8D0A0083E181 /* 2439 */,
				C1BC98582B73D3080083E181 /* 1008.cpp */,
				C1BC98692B73D79A0083E181 /* 1152 */,
				C1BC98762B73DC730083E181 /* 1157 */,
			);
			path = Lev1;
			sourceTree = "<group>";
		};
		C1BC98762B73DC730083E181 /* 1157 */ = {
			isa = PBXGroup;
			children = (
				C1BC98772B73DC730083E181 /* main.cpp */,
			);
			path = 1157;
			sourceTree = "<group>";
		};
		C1BC990D2B7B8D0A0083E181 /* 2439 */ = {
			isa = PBXGroup;
			children = (
				C1BC990E2B7B8D0A0083E181 /* main.cpp */,
			);
			path = 2439;
			sourceTree = "<group>";
		};
		C1BC99182B7B92190083E181 /* 2562 */ = {
			isa = PBXGroup;
			children = (
				C1BC99192B7B92190083E181 /* main.cpp */,
			);
			path = 2562;
			sourceTree = "<group>";
		};
		C1BC99232B7B93AA0083E181 /* 2577 */ = {
			isa = PBXGroup;
			children = (
				C1BC99242B7B93AA0083E181 /* main.cpp */,
			);
			path = 2577;
			sourceTree = "<group>";
		};
		C1BC9A0D2B8640430083E181 /* 11720 */ = {
			isa = PBXGroup;
			children = (
				C1BC9A0E2B8640430083E181 /* main.cpp */,
			);
			path = 11720;
			sourceTree = "<group>";
		};
		C1E63AB82BA34E1B00707F53 /* 10250 */ = {
			isa = PBXGroup;
			children = (
				C1E63AB92BA34E1B00707F53 /* main.cpp */,
			);
			path = 10250;
			sourceTree = "<group>";
		};
/* End PBXGroup section */

/* Begin PBXNativeTarget section */
		C1314E592BB1C91F005CF266 /* 4153 */ = {
			isa = PBXNativeTarget;
			buildConfigurationList = C1314E5E2BB1C91F005CF266 /* Build configuration list for PBXNativeTarget "4153" */;
			buildPhases = (
				C1314E562BB1C91F005CF266 /* Sources */,
				C1314E572BB1C91F005CF266 /* Frameworks */,
				C1314E582BB1C91F005CF266 /* CopyFiles */,
			);
			buildRules = (
			);
			dependencies = (
			);
			name = 4153;
			productName = 4153;
			productReference = C1314E5A2BB1C91F005CF266 /* 4153 */;
			productType = "com.apple.product-type.tool";
		};
		C1314E8F2BB27FCC005CF266 /* 1978 */ = {
			isa = PBXNativeTarget;
			buildConfigurationList = C1314E942BB27FCC005CF266 /* Build configuration list for PBXNativeTarget "1978" */;
			buildPhases = (
				C1314E8C2BB27FCC005CF266 /* Sources */,
				C1314E8D2BB27FCC005CF266 /* Frameworks */,
				C1314E8E2BB27FCC005CF266 /* CopyFiles */,
			);
			buildRules = (
			);
			dependencies = (
			);
			name = 1978;
			productName = 1978;
			productReference = C1314E902BB27FCC005CF266 /* 1978 */;
			productType = "com.apple.product-type.tool";
		};
		C1314E9A2BB28195005CF266 /* 2231 */ = {
			isa = PBXNativeTarget;
			buildConfigurationList = C1314E9F2BB28195005CF266 /* Build configuration list for PBXNativeTarget "2231" */;
			buildPhases = (
				C1314E972BB28195005CF266 /* Sources */,
				C1314E982BB28195005CF266 /* Frameworks */,
				C1314E992BB28195005CF266 /* CopyFiles */,
			);
			buildRules = (
			);
			dependencies = (
			);
			name = 2231;
			productName = 2231;
			productReference = C1314E9B2BB28195005CF266 /* 2231 */;
			productType = "com.apple.product-type.tool";
		};
		C132C1262B8B511E00C660FB /* 10818 */ = {
			isa = PBXNativeTarget;
			buildConfigurationList = C132C12D2B8B511E00C660FB /* Build configuration list for PBXNativeTarget "10818" */;
			buildPhases = (
				C132C1232B8B511E00C660FB /* Sources */,
				C132C1242B8B511E00C660FB /* Frameworks */,
				C132C1252B8B511E00C660FB /* CopyFiles */,
			);
			buildRules = (
			);
			dependencies = (
			);
			name = 10818;
			productName = 10818;
			productReference = C132C1272B8B511E00C660FB /* 10818 */;
			productType = "com.apple.product-type.tool";
		};
		C132C1312B8B54AF00C660FB /* 27866 */ = {
			isa = PBXNativeTarget;
			buildConfigurationList = C132C1362B8B54AF00C660FB /* Build configuration list for PBXNativeTarget "27866" */;
			buildPhases = (
				C132C12E2B8B54AF00C660FB /* Sources */,
				C132C12F2B8B54AF00C660FB /* Frameworks */,
				C132C1302B8B54AF00C660FB /* CopyFiles */,
			);
			buildRules = (
			);
			dependencies = (
			);
			name = 27866;
			productName = 27866;
			productReference = C132C1322B8B54AF00C660FB /* 27866 */;
			productType = "com.apple.product-type.tool";
		};
		C132C13C2B8B561600C660FB /* 1436 */ = {
			isa = PBXNativeTarget;
			buildConfigurationList = C132C1412B8B561600C660FB /* Build configuration list for PBXNativeTarget "1436" */;
			buildPhases = (
				C132C1392B8B561600C660FB /* Sources */,
				C132C13A2B8B561600C660FB /* Frameworks */,
				C132C13B2B8B561600C660FB /* CopyFiles */,
			);
			buildRules = (
			);
			dependencies = (
			);
			name = 1436;
			productName = 1436;
			productReference = C132C13D2B8B561600C660FB /* 1436 */;
			productType = "com.apple.product-type.tool";
		};
		C132C15E2B8CA41B00C660FB /* 2739 */ = {
			isa = PBXNativeTarget;
			buildConfigurationList = C132C1652B8CA41B00C660FB /* Build configuration list for PBXNativeTarget "2739" */;
			buildPhases = (
				C132C15B2B8CA41B00C660FB /* Sources */,
				C132C15C2B8CA41B00C660FB /* Frameworks */,
				C132C15D2B8CA41B00C660FB /* CopyFiles */,
			);
			buildRules = (
			);
			dependencies = (
			);
			name = 2739;
			productName = 2739;
			productReference = C132C15F2B8CA41B00C660FB /* 2739 */;
			productType = "com.apple.product-type.tool";
		};
		C132C1692B8CA54300C660FB /* 1018 */ = {
			isa = PBXNativeTarget;
			buildConfigurationList = C132C16E2B8CA54300C660FB /* Build configuration list for PBXNativeTarget "1018" */;
			buildPhases = (
				C132C1662B8CA54300C660FB /* Sources */,
				C132C1672B8CA54300C660FB /* Frameworks */,
				C132C1682B8CA54300C660FB /* CopyFiles */,
			);
			buildRules = (
			);
			dependencies = (
			);
			name = 1018;
			productName = 1018;
			productReference = C132C16A2B8CA54300C660FB /* 1018 */;
			productType = "com.apple.product-type.tool";
		};
		C14FA1CE2BBE3E770090DEEC /* 3273 */ = {
			isa = PBXNativeTarget;
			buildConfigurationList = C14FA1D52BBE3E770090DEEC /* Build configuration list for PBXNativeTarget "3273" */;
			buildPhases = (
				C14FA1CB2BBE3E770090DEEC /* Sources */,
				C14FA1CC2BBE3E770090DEEC /* Frameworks */,
				C14FA1CD2BBE3E770090DEEC /* CopyFiles */,
			);
			buildRules = (
			);
			dependencies = (
			);
			name = 3273;
			productName = 3273;
			productReference = C14FA1CF2BBE3E770090DEEC /* 3273 */;
			productType = "com.apple.product-type.tool";
		};
		C14FA1D92BBE5E040090DEEC /* 1259 */ = {
			isa = PBXNativeTarget;
			buildConfigurationList = C14FA1DE2BBE5E040090DEEC /* Build configuration list for PBXNativeTarget "1259" */;
			buildPhases = (
				C14FA1D62BBE5E040090DEEC /* Sources */,
				C14FA1D72BBE5E040090DEEC /* Frameworks */,
				C14FA1D82BBE5E040090DEEC /* CopyFiles */,
			);
			buildRules = (
			);
			dependencies = (
			);
			name = 1259;
			productName = 1259;
			productReference = C14FA1DA2BBE5E040090DEEC /* 1259 */;
			productType = "com.apple.product-type.tool";
		};
		C15B41262B8D9730000B045D /* 1330 */ = {
			isa = PBXNativeTarget;
			buildConfigurationList = C15B412D2B8D9730000B045D /* Build configuration list for PBXNativeTarget "1330" */;
			buildPhases = (
				C15B41232B8D9730000B045D /* Sources */,
				C15B41242B8D9730000B045D /* Frameworks */,
				C15B41252B8D9730000B045D /* CopyFiles */,
			);
			buildRules = (
			);
			dependencies = (
			);
			name = 1330;
			productName = 1330;
			productReference = C15B41272B8D9730000B045D /* 1330 */;
			productType = "com.apple.product-type.tool";
		};
		C15B41312B8D97CF000B045D /* 2675 */ = {
			isa = PBXNativeTarget;
			buildConfigurationList = C15B41362B8D97CF000B045D /* Build configuration list for PBXNativeTarget "2675" */;
			buildPhases = (
				C15B412E2B8D97CF000B045D /* Sources */,
				C15B412F2B8D97CF000B045D /* Frameworks */,
				C15B41302B8D97CF000B045D /* CopyFiles */,
			);
			buildRules = (
			);
			dependencies = (
			);
			name = 2675;
			productName = 2675;
			productReference = C15B41322B8D97CF000B045D /* 2675 */;
			productType = "com.apple.product-type.tool";
		};
		C15B42012B90DD0D000B045D /* 2741 */ = {
			isa = PBXNativeTarget;
			buildConfigurationList = C15B42082B90DD0D000B045D /* Build configuration list for PBXNativeTarget "2741" */;
			buildPhases = (
				C15B41FE2B90DD0D000B045D /* Sources */,
				C15B41FF2B90DD0D000B045D /* Frameworks */,
				C15B42002B90DD0D000B045D /* CopyFiles */,
			);
			buildRules = (
			);
			dependencies = (
			);
			name = 2741;
			productName = 2741;
			productReference = C15B42022B90DD0D000B045D /* 2741 */;
			productType = "com.apple.product-type.tool";
		};
		C15B42192B923CCB000B045D /* 10951 */ = {
			isa = PBXNativeTarget;
			buildConfigurationList = C15B42202B923CCB000B045D /* Build configuration list for PBXNativeTarget "10951" */;
			buildPhases = (
				C15B42162B923CCB000B045D /* Sources */,
				C15B42172B923CCB000B045D /* Frameworks */,
				C15B42182B923CCB000B045D /* CopyFiles */,
			);
			buildRules = (
			);
			dependencies = (
			);
			name = 10951;
			productName = 10951;
			productReference = C15B421A2B923CCB000B045D /* 10951 */;
			productType = "com.apple.product-type.tool";
		};
		C15B42262B937B80000B045D /* 2475 */ = {
			isa = PBXNativeTarget;
			buildConfigurationList = C15B422D2B937B80000B045D /* Build configuration list for PBXNativeTarget "2475" */;
			buildPhases = (
				C15B42232B937B80000B045D /* Sources */,
				C15B42242B937B80000B045D /* Frameworks */,
				C15B42252B937B80000B045D /* CopyFiles */,
			);
			buildRules = (
			);
			dependencies = (
			);
			name = 2475;
			productName = 2475;
			productReference = C15B42272B937B80000B045D /* 2475 */;
			productType = "com.apple.product-type.tool";
		};
		C15B42312B937C33000B045D /* 2753 */ = {
			isa = PBXNativeTarget;
			buildConfigurationList = C15B42362B937C33000B045D /* Build configuration list for PBXNativeTarget "2753" */;
			buildPhases = (
				C15B422E2B937C33000B045D /* Sources */,
				C15B422F2B937C33000B045D /* Frameworks */,
				C15B42302B937C33000B045D /* CopyFiles */,
			);
			buildRules = (
			);
			dependencies = (
			);
			name = 2753;
			productName = 2753;
			productReference = C15B42322B937C33000B045D /* 2753 */;
			productType = "com.apple.product-type.tool";
		};
		C15B423C2B937E6D000B045D /* 9498 */ = {
			isa = PBXNativeTarget;
			buildConfigurationList = C15B42412B937E6E000B045D /* Build configuration list for PBXNativeTarget "9498" */;
			buildPhases = (
				C15B42392B937E6D000B045D /* Sources */,
				C15B423A2B937E6D000B045D /* Frameworks */,
				C15B423B2B937E6D000B045D /* CopyFiles */,
			);
			buildRules = (
			);
			dependencies = (
			);
			name = 9498;
			productName = 9498;
			productReference = C15B423D2B937E6D000B045D /* 9498 */;
			productType = "com.apple.product-type.tool";
		};
		C15B427D2B961941000B045D /* 2884 */ = {
			isa = PBXNativeTarget;
			buildConfigurationList = C15B42842B961941000B045D /* Build configuration list for PBXNativeTarget "2884" */;
			buildPhases = (
				C15B427A2B961941000B045D /* Sources */,
				C15B427B2B961941000B045D /* Frameworks */,
				C15B427C2B961941000B045D /* CopyFiles */,
			);
			buildRules = (
			);
			dependencies = (
			);
			name = 2884;
			productName = 2884;
			productReference = C15B427E2B961941000B045D /* 2884 */;
			productType = "com.apple.product-type.tool";
		};
		C15B42882B961ACA000B045D /* 10871 */ = {
			isa = PBXNativeTarget;
			buildConfigurationList = C15B428D2B961ACA000B045D /* Build configuration list for PBXNativeTarget "10871" */;
			buildPhases = (
				C15B42852B961ACA000B045D /* Sources */,
				C15B42862B961ACA000B045D /* Frameworks */,
				C15B42872B961ACA000B045D /* CopyFiles */,
			);
			buildRules = (
			);
			dependencies = (
			);
			name = 10871;
			productName = 10871;
			productReference = C15B42892B961ACA000B045D /* 10871 */;
			productType = "com.apple.product-type.tool";
		};
		C15B42932B961D07000B045D /* 2920 */ = {
			isa = PBXNativeTarget;
			buildConfigurationList = C15B42982B961D07000B045D /* Build configuration list for PBXNativeTarget "2920" */;
			buildPhases = (
				C15B42902B961D07000B045D /* Sources */,
				C15B42912B961D07000B045D /* Frameworks */,
				C15B42922B961D07000B045D /* CopyFiles */,
			);
			buildRules = (
			);
			dependencies = (
			);
			name = 2920;
			productName = 2920;
			productReference = C15B42942B961D07000B045D /* 2920 */;
			productType = "com.apple.product-type.tool";
		};
		C15B429F2B96D0A1000B045D /* 3052 */ = {
			isa = PBXNativeTarget;
			buildConfigurationList = C15B42A62B96D0A1000B045D /* Build configuration list for PBXNativeTarget "3052" */;
			buildPhases = (
				C15B429C2B96D0A1000B045D /* Sources */,
				C15B429D2B96D0A1000B045D /* Frameworks */,
				C15B429E2B96D0A1000B045D /* CopyFiles */,
			);
			buildRules = (
			);
			dependencies = (
			);
			name = 3052;
			productName = 3052;
			productReference = C15B42A02B96D0A1000B045D /* 3052 */;
			productType = "com.apple.product-type.tool";
		};
		C15B42AA2B96D278000B045D /* 8958 */ = {
			isa = PBXNativeTarget;
			buildConfigurationList = C15B42AF2B96D278000B045D /* Build configuration list for PBXNativeTarget "8958" */;
			buildPhases = (
				C15B42A72B96D278000B045D /* Sources */,
				C15B42A82B96D278000B045D /* Frameworks */,
				C15B42A92B96D278000B045D /* CopyFiles */,
			);
			buildRules = (
			);
			dependencies = (
			);
			name = 8958;
			productName = 8958;
			productReference = C15B42AB2B96D278000B045D /* 8958 */;
			productType = "com.apple.product-type.tool";
		};
		C170085F2B9F56AA00008BE7 /* 10809 */ = {
			isa = PBXNativeTarget;
			buildConfigurationList = C17008642B9F56AA00008BE7 /* Build configuration list for PBXNativeTarget "10809" */;
			buildPhases = (
				C170085C2B9F56AA00008BE7 /* Sources */,
				C170085D2B9F56AA00008BE7 /* Frameworks */,
				C170085E2B9F56AA00008BE7 /* CopyFiles */,
			);
			buildRules = (
			);
			dependencies = (
			);
			name = 10809;
			productName = 10809;
			productReference = C17008602B9F56AA00008BE7 /* 10809 */;
			productType = "com.apple.product-type.tool";
		};
		C1BC98542B73D3080083E181 /* Algorithm */ = {
			isa = PBXNativeTarget;
			buildConfigurationList = C1BC985C2B73D3080083E181 /* Build configuration list for PBXNativeTarget "Algorithm" */;
			buildPhases = (
				C1BC98512B73D3080083E181 /* Sources */,
				C1BC98522B73D3080083E181 /* Frameworks */,
				C1BC98532B73D3080083E181 /* CopyFiles */,
			);
			buildRules = (
			);
			dependencies = (
			);
			name = Algorithm;
			productName = Algorithm;
			productReference = C1BC98552B73D3080083E181 /* Algorithm */;
			productType = "com.apple.product-type.tool";
		};
		C1BC98672B73D79A0083E181 /* 1152 */ = {
			isa = PBXNativeTarget;
			buildConfigurationList = C1BC986C2B73D79A0083E181 /* Build configuration list for PBXNativeTarget "1152" */;
			buildPhases = (
				C1BC98642B73D79A0083E181 /* Sources */,
				C1BC98652B73D79A0083E181 /* Frameworks */,
				C1BC98662B73D79A0083E181 /* CopyFiles */,
			);
			buildRules = (
			);
			dependencies = (
			);
			name = 1152;
			productName = 1152;
			productReference = C1BC98682B73D79A0083E181 /* 1152 */;
			productType = "com.apple.product-type.tool";
		};
		C1BC98742B73DC730083E181 /* 1157 */ = {
			isa = PBXNativeTarget;
			buildConfigurationList = C1BC98792B73DC730083E181 /* Build configuration list for PBXNativeTarget "1157" */;
			buildPhases = (
				C1BC98712B73DC730083E181 /* Sources */,
				C1BC98722B73DC730083E181 /* Frameworks */,
				C1BC98732B73DC730083E181 /* CopyFiles */,
			);
			buildRules = (
			);
			dependencies = (
			);
			name = 1157;
			productName = 1157;
			productReference = C1BC98752B73DC730083E181 /* 1157 */;
			productType = "com.apple.product-type.tool";
		};
		C1BC990B2B7B8D0A0083E181 /* 2439 */ = {
			isa = PBXNativeTarget;
			buildConfigurationList = C1BC99122B7B8D0A0083E181 /* Build configuration list for PBXNativeTarget "2439" */;
			buildPhases = (
				C1BC99082B7B8D0A0083E181 /* Sources */,
				C1BC99092B7B8D0A0083E181 /* Frameworks */,
				C1BC990A2B7B8D0A0083E181 /* CopyFiles */,
			);
			buildRules = (
			);
			dependencies = (
			);
			name = 2439;
			productName = 2439;
			productReference = C1BC990C2B7B8D0A0083E181 /* 2439 */;
			productType = "com.apple.product-type.tool";
		};
		C1BC99162B7B92190083E181 /* 2562 */ = {
			isa = PBXNativeTarget;
			buildConfigurationList = C1BC991B2B7B92190083E181 /* Build configuration list for PBXNativeTarget "2562" */;
			buildPhases = (
				C1BC99132B7B92190083E181 /* Sources */,
				C1BC99142B7B92190083E181 /* Frameworks */,
				C1BC99152B7B92190083E181 /* CopyFiles */,
			);
			buildRules = (
			);
			dependencies = (
			);
			name = 2562;
			productName = 2562;
			productReference = C1BC99172B7B92190083E181 /* 2562 */;
			productType = "com.apple.product-type.tool";
		};
		C1BC99212B7B93AA0083E181 /* 2577 */ = {
			isa = PBXNativeTarget;
			buildConfigurationList = C1BC99262B7B93AA0083E181 /* Build configuration list for PBXNativeTarget "2577" */;
			buildPhases = (
				C1BC991E2B7B93AA0083E181 /* Sources */,
				C1BC991F2B7B93AA0083E181 /* Frameworks */,
				C1BC99202B7B93AA0083E181 /* CopyFiles */,
			);
			buildRules = (
			);
			dependencies = (
			);
			name = 2577;
			productName = 2577;
			productReference = C1BC99222B7B93AA0083E181 /* 2577 */;
			productType = "com.apple.product-type.tool";
		};
		C1BC9A0B2B8640430083E181 /* 11720 */ = {
			isa = PBXNativeTarget;
			buildConfigurationList = C1BC9A122B8640430083E181 /* Build configuration list for PBXNativeTarget "11720" */;
			buildPhases = (
				C1BC9A082B8640430083E181 /* Sources */,
				C1BC9A092B8640430083E181 /* Frameworks */,
				C1BC9A0A2B8640430083E181 /* CopyFiles */,
			);
			buildRules = (
			);
			dependencies = (
			);
			name = 11720;
			productName = 11720;
			productReference = C1BC9A0C2B8640430083E181 /* 11720 */;
			productType = "com.apple.product-type.tool";
		};
		C1E63AB62BA34E1B00707F53 /* 10250 */ = {
			isa = PBXNativeTarget;
			buildConfigurationList = C1E63ABD2BA34E1B00707F53 /* Build configuration list for PBXNativeTarget "10250" */;
			buildPhases = (
				C1E63AB32BA34E1B00707F53 /* Sources */,
				C1E63AB42BA34E1B00707F53 /* Frameworks */,
				C1E63AB52BA34E1B00707F53 /* CopyFiles */,
			);
			buildRules = (
			);
			dependencies = (
			);
			name = 10250;
			productName = 10250;
			productReference = C1E63AB72BA34E1B00707F53 /* 10250 */;
			productType = "com.apple.product-type.tool";
		};
/* End PBXNativeTarget section */

/* Begin PBXProject section */
		C1BC984D2B73D3070083E181 /* Project object */ = {
			isa = PBXProject;
			attributes = {
				BuildIndependentTargetsInParallel = 1;
				LastSwiftUpdateCheck = 1530;
				LastUpgradeCheck = 1520;
				TargetAttributes = {
					C1314E592BB1C91F005CF266 = {
						CreatedOnToolsVersion = 15.3;
					};
					C1314E8F2BB27FCC005CF266 = {
						CreatedOnToolsVersion = 15.3;
					};
					C1314E9A2BB28195005CF266 = {
						CreatedOnToolsVersion = 15.3;
					};
					C132C1262B8B511E00C660FB = {
						CreatedOnToolsVersion = 15.2;
					};
					C132C1312B8B54AF00C660FB = {
						CreatedOnToolsVersion = 15.2;
					};
					C132C13C2B8B561600C660FB = {
						CreatedOnToolsVersion = 15.2;
					};
					C132C15E2B8CA41B00C660FB = {
						CreatedOnToolsVersion = 15.2;
					};
					C132C1692B8CA54300C660FB = {
						CreatedOnToolsVersion = 15.2;
					};
					C14FA1CE2BBE3E770090DEEC = {
						CreatedOnToolsVersion = 15.3;
					};
					C14FA1D92BBE5E040090DEEC = {
						CreatedOnToolsVersion = 15.3;
					};
					C15B41262B8D9730000B045D = {
						CreatedOnToolsVersion = 15.2;
					};
					C15B41312B8D97CF000B045D = {
						CreatedOnToolsVersion = 15.2;
					};
					C15B42012B90DD0D000B045D = {
						CreatedOnToolsVersion = 15.2;
					};
					C15B42192B923CCB000B045D = {
						CreatedOnToolsVersion = 15.2;
					};
					C15B42262B937B80000B045D = {
						CreatedOnToolsVersion = 15.2;
					};
					C15B42312B937C33000B045D = {
						CreatedOnToolsVersion = 15.2;
					};
					C15B423C2B937E6D000B045D = {
						CreatedOnToolsVersion = 15.2;
					};
					C15B427D2B961941000B045D = {
						CreatedOnToolsVersion = 15.2;
					};
					C15B42882B961ACA000B045D = {
						CreatedOnToolsVersion = 15.2;
					};
					C15B42932B961D07000B045D = {
						CreatedOnToolsVersion = 15.2;
					};
					C15B429F2B96D0A1000B045D = {
						CreatedOnToolsVersion = 15.2;
					};
					C15B42AA2B96D278000B045D = {
						CreatedOnToolsVersion = 15.2;
					};
					C170085F2B9F56AA00008BE7 = {
						CreatedOnToolsVersion = 15.3;
					};
					C1BC98542B73D3080083E181 = {
						CreatedOnToolsVersion = 15.2;
					};
					C1BC98672B73D79A0083E181 = {
						CreatedOnToolsVersion = 15.2;
					};
					C1BC98742B73DC730083E181 = {
						CreatedOnToolsVersion = 15.2;
					};
					C1BC990B2B7B8D0A0083E181 = {
						CreatedOnToolsVersion = 15.2;
					};
					C1BC99162B7B92190083E181 = {
						CreatedOnToolsVersion = 15.2;
					};
					C1BC99212B7B93AA0083E181 = {
						CreatedOnToolsVersion = 15.2;
					};
					C1BC9A0B2B8640430083E181 = {
						CreatedOnToolsVersion = 15.2;
					};
					C1E63AB62BA34E1B00707F53 = {
						CreatedOnToolsVersion = 15.3;
					};
				};
			};
			buildConfigurationList = C1BC98502B73D3070083E181 /* Build configuration list for PBXProject "Algorithm" */;
			compatibilityVersion = "Xcode 14.0";
			developmentRegion = en;
			hasScannedForEncodings = 0;
			knownRegions = (
				en,
				Base,
			);
			mainGroup = C1BC984C2B73D3070083E181;
			productRefGroup = C1BC98562B73D3080083E181 /* Products */;
			projectDirPath = "";
			projectRoot = "";
			targets = (
				C1BC98542B73D3080083E181 /* Algorithm */,
				C1BC98672B73D79A0083E181 /* 1152 */,
				C1BC98742B73DC730083E181 /* 1157 */,
				C1BC990B2B7B8D0A0083E181 /* 2439 */,
				C1BC99162B7B92190083E181 /* 2562 */,
				C1BC99212B7B93AA0083E181 /* 2577 */,
				C1BC9A0B2B8640430083E181 /* 11720 */,
				C132C1262B8B511E00C660FB /* 10818 */,
				C132C1312B8B54AF00C660FB /* 27866 */,
				C132C13C2B8B561600C660FB /* 1436 */,
				C132C15E2B8CA41B00C660FB /* 2739 */,
				C132C1692B8CA54300C660FB /* 1018 */,
				C15B41262B8D9730000B045D /* 1330 */,
				C15B41312B8D97CF000B045D /* 2675 */,
				C15B42012B90DD0D000B045D /* 2741 */,
				C15B42192B923CCB000B045D /* 10951 */,
				C15B42262B937B80000B045D /* 2475 */,
				C15B42312B937C33000B045D /* 2753 */,
				C15B423C2B937E6D000B045D /* 9498 */,
				C15B427D2B961941000B045D /* 2884 */,
				C15B42882B961ACA000B045D /* 10871 */,
				C15B42932B961D07000B045D /* 2920 */,
				C15B429F2B96D0A1000B045D /* 3052 */,
				C15B42AA2B96D278000B045D /* 8958 */,
				C170085F2B9F56AA00008BE7 /* 10809 */,
				C1E63AB62BA34E1B00707F53 /* 10250 */,
				C1314E592BB1C91F005CF266 /* 4153 */,
				C1314E8F2BB27FCC005CF266 /* 1978 */,
				C1314E9A2BB28195005CF266 /* 2231 */,
				C14FA1CE2BBE3E770090DEEC /* 3273 */,
				C14FA1D92BBE5E040090DEEC /* 1259 */,
			);
		};
/* End PBXProject section */

/* Begin PBXSourcesBuildPhase section */
		C1314E562BB1C91F005CF266 /* Sources */ = {
			isa = PBXSourcesBuildPhase;
			buildActionMask = 2147483647;
			files = (
				C1314E5D2BB1C91F005CF266 /* main.cpp in Sources */,
			);
			runOnlyForDeploymentPostprocessing = 0;
		};
		C1314E8C2BB27FCC005CF266 /* Sources */ = {
			isa = PBXSourcesBuildPhase;
			buildActionMask = 2147483647;
			files = (
				C1314E932BB27FCC005CF266 /* main.cpp in Sources */,
			);
			runOnlyForDeploymentPostprocessing = 0;
		};
		C1314E972BB28195005CF266 /* Sources */ = {
			isa = PBXSourcesBuildPhase;
			buildActionMask = 2147483647;
			files = (
				C1314E9E2BB28195005CF266 /* main.cpp in Sources */,
			);
			runOnlyForDeploymentPostprocessing = 0;
		};
		C132C1232B8B511E00C660FB /* Sources */ = {
			isa = PBXSourcesBuildPhase;
			buildActionMask = 2147483647;
			files = (
				C132C12A2B8B511E00C660FB /* main.cpp in Sources */,
			);
			runOnlyForDeploymentPostprocessing = 0;
		};
		C132C12E2B8B54AF00C660FB /* Sources */ = {
			isa = PBXSourcesBuildPhase;
			buildActionMask = 2147483647;
			files = (
				C132C1352B8B54AF00C660FB /* main.cpp in Sources */,
			);
			runOnlyForDeploymentPostprocessing = 0;
		};
		C132C1392B8B561600C660FB /* Sources */ = {
			isa = PBXSourcesBuildPhase;
			buildActionMask = 2147483647;
			files = (
				C132C1402B8B561600C660FB /* main.cpp in Sources */,
			);
			runOnlyForDeploymentPostprocessing = 0;
		};
		C132C15B2B8CA41B00C660FB /* Sources */ = {
			isa = PBXSourcesBuildPhase;
			buildActionMask = 2147483647;
			files = (
				C132C1622B8CA41B00C660FB /* main.cpp in Sources */,
			);
			runOnlyForDeploymentPostprocessing = 0;
		};
		C132C1662B8CA54300C660FB /* Sources */ = {
			isa = PBXSourcesBuildPhase;
			buildActionMask = 2147483647;
			files = (
				C132C16D2B8CA54300C660FB /* main.cpp in Sources */,
			);
			runOnlyForDeploymentPostprocessing = 0;
		};
		C14FA1CB2BBE3E770090DEEC /* Sources */ = {
			isa = PBXSourcesBuildPhase;
			buildActionMask = 2147483647;
			files = (
				C14FA1D22BBE3E770090DEEC /* main.swift in Sources */,
			);
			runOnlyForDeploymentPostprocessing = 0;
		};
		C14FA1D62BBE5E040090DEEC /* Sources */ = {
			isa = PBXSourcesBuildPhase;
			buildActionMask = 2147483647;
			files = (
				C14FA1DD2BBE5E040090DEEC /* main.swift in Sources */,
			);
			runOnlyForDeploymentPostprocessing = 0;
		};
		C15B41232B8D9730000B045D /* Sources */ = {
			isa = PBXSourcesBuildPhase;
			buildActionMask = 2147483647;
			files = (
				C15B412A2B8D9730000B045D /* main.cpp in Sources */,
			);
			runOnlyForDeploymentPostprocessing = 0;
		};
		C15B412E2B8D97CF000B045D /* Sources */ = {
			isa = PBXSourcesBuildPhase;
			buildActionMask = 2147483647;
			files = (
				C15B41352B8D97CF000B045D /* main.cpp in Sources */,
			);
			runOnlyForDeploymentPostprocessing = 0;
		};
		C15B41FE2B90DD0D000B045D /* Sources */ = {
			isa = PBXSourcesBuildPhase;
			buildActionMask = 2147483647;
			files = (
			);
			runOnlyForDeploymentPostprocessing = 0;
		};
		C15B42162B923CCB000B045D /* Sources */ = {
			isa = PBXSourcesBuildPhase;
			buildActionMask = 2147483647;
			files = (
				C15B421D2B923CCB000B045D /* main.cpp in Sources */,
			);
			runOnlyForDeploymentPostprocessing = 0;
		};
		C15B42232B937B80000B045D /* Sources */ = {
			isa = PBXSourcesBuildPhase;
			buildActionMask = 2147483647;
			files = (
				C15B422A2B937B80000B045D /* main.cpp in Sources */,
			);
			runOnlyForDeploymentPostprocessing = 0;
		};
		C15B422E2B937C33000B045D /* Sources */ = {
			isa = PBXSourcesBuildPhase;
			buildActionMask = 2147483647;
			files = (
				C15B42352B937C33000B045D /* main.cpp in Sources */,
			);
			runOnlyForDeploymentPostprocessing = 0;
		};
		C15B42392B937E6D000B045D /* Sources */ = {
			isa = PBXSourcesBuildPhase;
			buildActionMask = 2147483647;
			files = (
				C15B42402B937E6E000B045D /* main.cpp in Sources */,
			);
			runOnlyForDeploymentPostprocessing = 0;
		};
		C15B427A2B961941000B045D /* Sources */ = {
			isa = PBXSourcesBuildPhase;
			buildActionMask = 2147483647;
			files = (
				C15B42812B961941000B045D /* main.cpp in Sources */,
			);
			runOnlyForDeploymentPostprocessing = 0;
		};
		C15B42852B961ACA000B045D /* Sources */ = {
			isa = PBXSourcesBuildPhase;
			buildActionMask = 2147483647;
			files = (
				C15B428C2B961ACA000B045D /* main.cpp in Sources */,
			);
			runOnlyForDeploymentPostprocessing = 0;
		};
		C15B42902B961D07000B045D /* Sources */ = {
			isa = PBXSourcesBuildPhase;
			buildActionMask = 2147483647;
			files = (
				C15B42972B961D07000B045D /* main.cpp in Sources */,
			);
			runOnlyForDeploymentPostprocessing = 0;
		};
		C15B429C2B96D0A1000B045D /* Sources */ = {
			isa = PBXSourcesBuildPhase;
			buildActionMask = 2147483647;
			files = (
				C15B42A32B96D0A1000B045D /* main.cpp in Sources */,
			);
			runOnlyForDeploymentPostprocessing = 0;
		};
		C15B42A72B96D278000B045D /* Sources */ = {
			isa = PBXSourcesBuildPhase;
			buildActionMask = 2147483647;
			files = (
				C15B42AE2B96D278000B045D /* main.cpp in Sources */,
			);
			runOnlyForDeploymentPostprocessing = 0;
		};
		C170085C2B9F56AA00008BE7 /* Sources */ = {
			isa = PBXSourcesBuildPhase;
			buildActionMask = 2147483647;
			files = (
				C17008632B9F56AA00008BE7 /* main.cpp in Sources */,
			);
			runOnlyForDeploymentPostprocessing = 0;
		};
		C1BC98512B73D3080083E181 /* Sources */ = {
			isa = PBXSourcesBuildPhase;
			buildActionMask = 2147483647;
			files = (
				C1BC98592B73D3080083E181 /* 1008.cpp in Sources */,
			);
			runOnlyForDeploymentPostprocessing = 0;
		};
		C1BC98642B73D79A0083E181 /* Sources */ = {
			isa = PBXSourcesBuildPhase;
			buildActionMask = 2147483647;
			files = (
				C1BC986B2B73D79A0083E181 /* main.cpp in Sources */,
			);
			runOnlyForDeploymentPostprocessing = 0;
		};
		C1BC98712B73DC730083E181 /* Sources */ = {
			isa = PBXSourcesBuildPhase;
			buildActionMask = 2147483647;
			files = (
				C1BC98782B73DC730083E181 /* main.cpp in Sources */,
			);
			runOnlyForDeploymentPostprocessing = 0;
		};
		C1BC99082B7B8D0A0083E181 /* Sources */ = {
			isa = PBXSourcesBuildPhase;
			buildActionMask = 2147483647;
			files = (
				C1BC990F2B7B8D0A0083E181 /* main.cpp in Sources */,
			);
			runOnlyForDeploymentPostprocessing = 0;
		};
		C1BC99132B7B92190083E181 /* Sources */ = {
			isa = PBXSourcesBuildPhase;
			buildActionMask = 2147483647;
			files = (
				C1BC991A2B7B92190083E181 /* main.cpp in Sources */,
			);
			runOnlyForDeploymentPostprocessing = 0;
		};
		C1BC991E2B7B93AA0083E181 /* Sources */ = {
			isa = PBXSourcesBuildPhase;
			buildActionMask = 2147483647;
			files = (
				C1BC99252B7B93AA0083E181 /* main.cpp in Sources */,
			);
			runOnlyForDeploymentPostprocessing = 0;
		};
		C1BC9A082B8640430083E181 /* Sources */ = {
			isa = PBXSourcesBuildPhase;
			buildActionMask = 2147483647;
			files = (
				C1BC9A0F2B8640430083E181 /* main.cpp in Sources */,
			);
			runOnlyForDeploymentPostprocessing = 0;
		};
		C1E63AB32BA34E1B00707F53 /* Sources */ = {
			isa = PBXSourcesBuildPhase;
			buildActionMask = 2147483647;
			files = (
				C1E63ABA2BA34E1B00707F53 /* main.cpp in Sources */,
			);
			runOnlyForDeploymentPostprocessing = 0;
		};
/* End PBXSourcesBuildPhase section */

/* Begin XCBuildConfiguration section */
		C1314E5F2BB1C91F005CF266 /* Debug */ = {
			isa = XCBuildConfiguration;
			buildSettings = {
				CODE_SIGN_STYLE = Automatic;
				DEVELOPMENT_TEAM = MTUYFM4K8P;
				ENABLE_HARDENED_RUNTIME = YES;
				PRODUCT_NAME = "$(TARGET_NAME)";
			};
			name = Debug;
		};
		C1314E602BB1C91F005CF266 /* Release */ = {
			isa = XCBuildConfiguration;
			buildSettings = {
				CODE_SIGN_STYLE = Automatic;
				DEVELOPMENT_TEAM = MTUYFM4K8P;
				ENABLE_HARDENED_RUNTIME = YES;
				PRODUCT_NAME = "$(TARGET_NAME)";
			};
			name = Release;
		};
		C1314E952BB27FCC005CF266 /* Debug */ = {
			isa = XCBuildConfiguration;
			buildSettings = {
				CODE_SIGN_STYLE = Automatic;
				DEVELOPMENT_TEAM = MTUYFM4K8P;
				ENABLE_HARDENED_RUNTIME = YES;
				PRODUCT_NAME = "$(TARGET_NAME)";
			};
			name = Debug;
		};
		C1314E962BB27FCC005CF266 /* Release */ = {
			isa = XCBuildConfiguration;
			buildSettings = {
				CODE_SIGN_STYLE = Automatic;
				DEVELOPMENT_TEAM = MTUYFM4K8P;
				ENABLE_HARDENED_RUNTIME = YES;
				PRODUCT_NAME = "$(TARGET_NAME)";
			};
			name = Release;
		};
		C1314EA02BB28195005CF266 /* Debug */ = {
			isa = XCBuildConfiguration;
			buildSettings = {
				CODE_SIGN_STYLE = Automatic;
				DEVELOPMENT_TEAM = MTUYFM4K8P;
				ENABLE_HARDENED_RUNTIME = YES;
				PRODUCT_NAME = "$(TARGET_NAME)";
			};
			name = Debug;
		};
		C1314EA12BB28195005CF266 /* Release */ = {
			isa = XCBuildConfiguration;
			buildSettings = {
				CODE_SIGN_STYLE = Automatic;
				DEVELOPMENT_TEAM = MTUYFM4K8P;
				ENABLE_HARDENED_RUNTIME = YES;
				PRODUCT_NAME = "$(TARGET_NAME)";
			};
			name = Release;
		};
		C132C12B2B8B511E00C660FB /* Debug */ = {
			isa = XCBuildConfiguration;
			buildSettings = {
				CODE_SIGN_STYLE = Automatic;
				DEVELOPMENT_TEAM = MTUYFM4K8P;
				ENABLE_HARDENED_RUNTIME = YES;
				PRODUCT_NAME = "$(TARGET_NAME)";
			};
			name = Debug;
		};
		C132C12C2B8B511E00C660FB /* Release */ = {
			isa = XCBuildConfiguration;
			buildSettings = {
				CODE_SIGN_STYLE = Automatic;
				DEVELOPMENT_TEAM = MTUYFM4K8P;
				ENABLE_HARDENED_RUNTIME = YES;
				PRODUCT_NAME = "$(TARGET_NAME)";
			};
			name = Release;
		};
		C132C1372B8B54AF00C660FB /* Debug */ = {
			isa = XCBuildConfiguration;
			buildSettings = {
				CODE_SIGN_STYLE = Automatic;
				DEVELOPMENT_TEAM = MTUYFM4K8P;
				ENABLE_HARDENED_RUNTIME = YES;
				PRODUCT_NAME = "$(TARGET_NAME)";
			};
			name = Debug;
		};
		C132C1382B8B54AF00C660FB /* Release */ = {
			isa = XCBuildConfiguration;
			buildSettings = {
				CODE_SIGN_STYLE = Automatic;
				DEVELOPMENT_TEAM = MTUYFM4K8P;
				ENABLE_HARDENED_RUNTIME = YES;
				PRODUCT_NAME = "$(TARGET_NAME)";
			};
			name = Release;
		};
		C132C1422B8B561600C660FB /* Debug */ = {
			isa = XCBuildConfiguration;
			buildSettings = {
				CODE_SIGN_STYLE = Automatic;
				DEVELOPMENT_TEAM = MTUYFM4K8P;
				ENABLE_HARDENED_RUNTIME = YES;
				PRODUCT_NAME = "$(TARGET_NAME)";
			};
			name = Debug;
		};
		C132C1432B8B561600C660FB /* Release */ = {
			isa = XCBuildConfiguration;
			buildSettings = {
				CODE_SIGN_STYLE = Automatic;
				DEVELOPMENT_TEAM = MTUYFM4K8P;
				ENABLE_HARDENED_RUNTIME = YES;
				PRODUCT_NAME = "$(TARGET_NAME)";
			};
			name = Release;
		};
		C132C1632B8CA41B00C660FB /* Debug */ = {
			isa = XCBuildConfiguration;
			buildSettings = {
				CODE_SIGN_STYLE = Automatic;
				DEVELOPMENT_TEAM = MTUYFM4K8P;
				ENABLE_HARDENED_RUNTIME = YES;
				PRODUCT_NAME = "$(TARGET_NAME)";
			};
			name = Debug;
		};
		C132C1642B8CA41B00C660FB /* Release */ = {
			isa = XCBuildConfiguration;
			buildSettings = {
				CODE_SIGN_STYLE = Automatic;
				DEVELOPMENT_TEAM = MTUYFM4K8P;
				ENABLE_HARDENED_RUNTIME = YES;
				PRODUCT_NAME = "$(TARGET_NAME)";
			};
			name = Release;
		};
		C132C16F2B8CA54300C660FB /* Debug */ = {
			isa = XCBuildConfiguration;
			buildSettings = {
				CODE_SIGN_STYLE = Automatic;
				DEVELOPMENT_TEAM = MTUYFM4K8P;
				ENABLE_HARDENED_RUNTIME = YES;
				PRODUCT_NAME = "$(TARGET_NAME)";
			};
			name = Debug;
		};
		C132C1702B8CA54300C660FB /* Release */ = {
			isa = XCBuildConfiguration;
			buildSettings = {
				CODE_SIGN_STYLE = Automatic;
				DEVELOPMENT_TEAM = MTUYFM4K8P;
				ENABLE_HARDENED_RUNTIME = YES;
				PRODUCT_NAME = "$(TARGET_NAME)";
			};
			name = Release;
		};
		C14FA1D32BBE3E770090DEEC /* Debug */ = {
			isa = XCBuildConfiguration;
			buildSettings = {
				CODE_SIGN_STYLE = Automatic;
				DEVELOPMENT_TEAM = MTUYFM4K8P;
				ENABLE_HARDENED_RUNTIME = YES;
				PRODUCT_NAME = "$(TARGET_NAME)";
				SWIFT_ACTIVE_COMPILATION_CONDITIONS = "DEBUG $(inherited)";
				SWIFT_OPTIMIZATION_LEVEL = "-Onone";
				SWIFT_VERSION = 5.0;
			};
			name = Debug;
		};
		C14FA1D42BBE3E770090DEEC /* Release */ = {
			isa = XCBuildConfiguration;
			buildSettings = {
				CODE_SIGN_STYLE = Automatic;
				DEVELOPMENT_TEAM = MTUYFM4K8P;
				ENABLE_HARDENED_RUNTIME = YES;
				PRODUCT_NAME = "$(TARGET_NAME)";
				SWIFT_COMPILATION_MODE = wholemodule;
				SWIFT_VERSION = 5.0;
			};
			name = Release;
		};
		C14FA1DF2BBE5E040090DEEC /* Debug */ = {
			isa = XCBuildConfiguration;
			buildSettings = {
				CODE_SIGN_STYLE = Automatic;
				DEVELOPMENT_TEAM = MTUYFM4K8P;
				ENABLE_HARDENED_RUNTIME = YES;
				PRODUCT_NAME = "$(TARGET_NAME)";
				SWIFT_ACTIVE_COMPILATION_CONDITIONS = "DEBUG $(inherited)";
				SWIFT_OPTIMIZATION_LEVEL = "-Onone";
				SWIFT_VERSION = 5.0;
			};
			name = Debug;
		};
		C14FA1E02BBE5E040090DEEC /* Release */ = {
			isa = XCBuildConfiguration;
			buildSettings = {
				CODE_SIGN_STYLE = Automatic;
				DEVELOPMENT_TEAM = MTUYFM4K8P;
				ENABLE_HARDENED_RUNTIME = YES;
				PRODUCT_NAME = "$(TARGET_NAME)";
				SWIFT_COMPILATION_MODE = wholemodule;
				SWIFT_VERSION = 5.0;
			};
			name = Release;
		};
		C15B412B2B8D9730000B045D /* Debug */ = {
			isa = XCBuildConfiguration;
			buildSettings = {
				CODE_SIGN_STYLE = Automatic;
				DEVELOPMENT_TEAM = MTUYFM4K8P;
				ENABLE_HARDENED_RUNTIME = YES;
				PRODUCT_NAME = "$(TARGET_NAME)";
			};
			name = Debug;
		};
		C15B412C2B8D9730000B045D /* Release */ = {
			isa = XCBuildConfiguration;
			buildSettings = {
				CODE_SIGN_STYLE = Automatic;
				DEVELOPMENT_TEAM = MTUYFM4K8P;
				ENABLE_HARDENED_RUNTIME = YES;
				PRODUCT_NAME = "$(TARGET_NAME)";
			};
			name = Release;
		};
		C15B41372B8D97CF000B045D /* Debug */ = {
			isa = XCBuildConfiguration;
			buildSettings = {
				CODE_SIGN_STYLE = Automatic;
				DEVELOPMENT_TEAM = MTUYFM4K8P;
				ENABLE_HARDENED_RUNTIME = YES;
				PRODUCT_NAME = "$(TARGET_NAME)";
			};
			name = Debug;
		};
		C15B41382B8D97CF000B045D /* Release */ = {
			isa = XCBuildConfiguration;
			buildSettings = {
				CODE_SIGN_STYLE = Automatic;
				DEVELOPMENT_TEAM = MTUYFM4K8P;
				ENABLE_HARDENED_RUNTIME = YES;
				PRODUCT_NAME = "$(TARGET_NAME)";
			};
			name = Release;
		};
		C15B42062B90DD0D000B045D /* Debug */ = {
			isa = XCBuildConfiguration;
			buildSettings = {
				CODE_SIGN_STYLE = Automatic;
				DEVELOPMENT_TEAM = MTUYFM4K8P;
				ENABLE_HARDENED_RUNTIME = YES;
				PRODUCT_NAME = "$(TARGET_NAME)";
				SWIFT_ACTIVE_COMPILATION_CONDITIONS = "DEBUG $(inherited)";
				SWIFT_OPTIMIZATION_LEVEL = "-Onone";
				SWIFT_VERSION = 5.0;
			};
			name = Debug;
		};
		C15B42072B90DD0D000B045D /* Release */ = {
			isa = XCBuildConfiguration;
			buildSettings = {
				CODE_SIGN_STYLE = Automatic;
				DEVELOPMENT_TEAM = MTUYFM4K8P;
				ENABLE_HARDENED_RUNTIME = YES;
				PRODUCT_NAME = "$(TARGET_NAME)";
				SWIFT_COMPILATION_MODE = wholemodule;
				SWIFT_VERSION = 5.0;
			};
			name = Release;
		};
		C15B421E2B923CCB000B045D /* Debug */ = {
			isa = XCBuildConfiguration;
			buildSettings = {
				CODE_SIGN_STYLE = Automatic;
				DEVELOPMENT_TEAM = MTUYFM4K8P;
				ENABLE_HARDENED_RUNTIME = YES;
				PRODUCT_NAME = "$(TARGET_NAME)";
			};
			name = Debug;
		};
		C15B421F2B923CCB000B045D /* Release */ = {
			isa = XCBuildConfiguration;
			buildSettings = {
				CODE_SIGN_STYLE = Automatic;
				DEVELOPMENT_TEAM = MTUYFM4K8P;
				ENABLE_HARDENED_RUNTIME = YES;
				PRODUCT_NAME = "$(TARGET_NAME)";
			};
			name = Release;
		};
		C15B422B2B937B80000B045D /* Debug */ = {
			isa = XCBuildConfiguration;
			buildSettings = {
				CODE_SIGN_STYLE = Automatic;
				DEVELOPMENT_TEAM = MTUYFM4K8P;
				ENABLE_HARDENED_RUNTIME = YES;
				PRODUCT_NAME = "$(TARGET_NAME)";
			};
			name = Debug;
		};
		C15B422C2B937B80000B045D /* Release */ = {
			isa = XCBuildConfiguration;
			buildSettings = {
				CODE_SIGN_STYLE = Automatic;
				DEVELOPMENT_TEAM = MTUYFM4K8P;
				ENABLE_HARDENED_RUNTIME = YES;
				PRODUCT_NAME = "$(TARGET_NAME)";
			};
			name = Release;
		};
		C15B42372B937C33000B045D /* Debug */ = {
			isa = XCBuildConfiguration;
			buildSettings = {
				CODE_SIGN_STYLE = Automatic;
				DEVELOPMENT_TEAM = MTUYFM4K8P;
				ENABLE_HARDENED_RUNTIME = YES;
				PRODUCT_NAME = "$(TARGET_NAME)";
			};
			name = Debug;
		};
		C15B42382B937C33000B045D /* Release */ = {
			isa = XCBuildConfiguration;
			buildSettings = {
				CODE_SIGN_STYLE = Automatic;
				DEVELOPMENT_TEAM = MTUYFM4K8P;
				ENABLE_HARDENED_RUNTIME = YES;
				PRODUCT_NAME = "$(TARGET_NAME)";
			};
			name = Release;
		};
		C15B42422B937E6E000B045D /* Debug */ = {
			isa = XCBuildConfiguration;
			buildSettings = {
				CODE_SIGN_STYLE = Automatic;
				DEVELOPMENT_TEAM = MTUYFM4K8P;
				ENABLE_HARDENED_RUNTIME = YES;
				PRODUCT_NAME = "$(TARGET_NAME)";
			};
			name = Debug;
		};
		C15B42432B937E6E000B045D /* Release */ = {
			isa = XCBuildConfiguration;
			buildSettings = {
				CODE_SIGN_STYLE = Automatic;
				DEVELOPMENT_TEAM = MTUYFM4K8P;
				ENABLE_HARDENED_RUNTIME = YES;
				PRODUCT_NAME = "$(TARGET_NAME)";
			};
			name = Release;
		};
		C15B42822B961941000B045D /* Debug */ = {
			isa = XCBuildConfiguration;
			buildSettings = {
				CODE_SIGN_STYLE = Automatic;
				DEVELOPMENT_TEAM = MTUYFM4K8P;
				ENABLE_HARDENED_RUNTIME = YES;
				PRODUCT_NAME = "$(TARGET_NAME)";
			};
			name = Debug;
		};
		C15B42832B961941000B045D /* Release */ = {
			isa = XCBuildConfiguration;
			buildSettings = {
				CODE_SIGN_STYLE = Automatic;
				DEVELOPMENT_TEAM = MTUYFM4K8P;
				ENABLE_HARDENED_RUNTIME = YES;
				PRODUCT_NAME = "$(TARGET_NAME)";
			};
			name = Release;
		};
		C15B428E2B961ACA000B045D /* Debug */ = {
			isa = XCBuildConfiguration;
			buildSettings = {
				CODE_SIGN_STYLE = Automatic;
				DEVELOPMENT_TEAM = MTUYFM4K8P;
				ENABLE_HARDENED_RUNTIME = YES;
				PRODUCT_NAME = "$(TARGET_NAME)";
			};
			name = Debug;
		};
		C15B428F2B961ACA000B045D /* Release */ = {
			isa = XCBuildConfiguration;
			buildSettings = {
				CODE_SIGN_STYLE = Automatic;
				DEVELOPMENT_TEAM = MTUYFM4K8P;
				ENABLE_HARDENED_RUNTIME = YES;
				PRODUCT_NAME = "$(TARGET_NAME)";
			};
			name = Release;
		};
		C15B42992B961D07000B045D /* Debug */ = {
			isa = XCBuildConfiguration;
			buildSettings = {
				CODE_SIGN_STYLE = Automatic;
				DEVELOPMENT_TEAM = MTUYFM4K8P;
				ENABLE_HARDENED_RUNTIME = YES;
				PRODUCT_NAME = "$(TARGET_NAME)";
			};
			name = Debug;
		};
		C15B429A2B961D07000B045D /* Release */ = {
			isa = XCBuildConfiguration;
			buildSettings = {
				CODE_SIGN_STYLE = Automatic;
				DEVELOPMENT_TEAM = MTUYFM4K8P;
				ENABLE_HARDENED_RUNTIME = YES;
				PRODUCT_NAME = "$(TARGET_NAME)";
			};
			name = Release;
		};
		C15B42A42B96D0A1000B045D /* Debug */ = {
			isa = XCBuildConfiguration;
			buildSettings = {
				CODE_SIGN_STYLE = Automatic;
				DEVELOPMENT_TEAM = MTUYFM4K8P;
				ENABLE_HARDENED_RUNTIME = YES;
				PRODUCT_NAME = "$(TARGET_NAME)";
			};
			name = Debug;
		};
		C15B42A52B96D0A1000B045D /* Release */ = {
			isa = XCBuildConfiguration;
			buildSettings = {
				CODE_SIGN_STYLE = Automatic;
				DEVELOPMENT_TEAM = MTUYFM4K8P;
				ENABLE_HARDENED_RUNTIME = YES;
				PRODUCT_NAME = "$(TARGET_NAME)";
			};
			name = Release;
		};
		C15B42B02B96D278000B045D /* Debug */ = {
			isa = XCBuildConfiguration;
			buildSettings = {
				CODE_SIGN_STYLE = Automatic;
				DEVELOPMENT_TEAM = MTUYFM4K8P;
				ENABLE_HARDENED_RUNTIME = YES;
				PRODUCT_NAME = "$(TARGET_NAME)";
			};
			name = Debug;
		};
		C15B42B12B96D278000B045D /* Release */ = {
			isa = XCBuildConfiguration;
			buildSettings = {
				CODE_SIGN_STYLE = Automatic;
				DEVELOPMENT_TEAM = MTUYFM4K8P;
				ENABLE_HARDENED_RUNTIME = YES;
				PRODUCT_NAME = "$(TARGET_NAME)";
			};
			name = Release;
		};
		C17008652B9F56AA00008BE7 /* Debug */ = {
			isa = XCBuildConfiguration;
			buildSettings = {
				CODE_SIGN_STYLE = Automatic;
				DEVELOPMENT_TEAM = MTUYFM4K8P;
				ENABLE_HARDENED_RUNTIME = YES;
				PRODUCT_NAME = "$(TARGET_NAME)";
			};
			name = Debug;
		};
		C17008662B9F56AA00008BE7 /* Release */ = {
			isa = XCBuildConfiguration;
			buildSettings = {
				CODE_SIGN_STYLE = Automatic;
				DEVELOPMENT_TEAM = MTUYFM4K8P;
				ENABLE_HARDENED_RUNTIME = YES;
				PRODUCT_NAME = "$(TARGET_NAME)";
			};
			name = Release;
		};
		C1BC985A2B73D3080083E181 /* Debug */ = {
			isa = XCBuildConfiguration;
			buildSettings = {
				ALWAYS_SEARCH_USER_PATHS = NO;
				ASSETCATALOG_COMPILER_GENERATE_SWIFT_ASSET_SYMBOL_EXTENSIONS = YES;
				CLANG_ANALYZER_NONNULL = YES;
				CLANG_ANALYZER_NUMBER_OBJECT_CONVERSION = YES_AGGRESSIVE;
				CLANG_CXX_LANGUAGE_STANDARD = "gnu++20";
				CLANG_ENABLE_MODULES = YES;
				CLANG_ENABLE_OBJC_ARC = YES;
				CLANG_ENABLE_OBJC_WEAK = YES;
				CLANG_WARN_BLOCK_CAPTURE_AUTORELEASING = YES;
				CLANG_WARN_BOOL_CONVERSION = YES;
				CLANG_WARN_COMMA = YES;
				CLANG_WARN_CONSTANT_CONVERSION = YES;
				CLANG_WARN_DEPRECATED_OBJC_IMPLEMENTATIONS = YES;
				CLANG_WARN_DIRECT_OBJC_ISA_USAGE = YES_ERROR;
				CLANG_WARN_DOCUMENTATION_COMMENTS = YES;
				CLANG_WARN_EMPTY_BODY = YES;
				CLANG_WARN_ENUM_CONVERSION = YES;
				CLANG_WARN_INFINITE_RECURSION = YES;
				CLANG_WARN_INT_CONVERSION = YES;
				CLANG_WARN_NON_LITERAL_NULL_CONVERSION = YES;
				CLANG_WARN_OBJC_IMPLICIT_RETAIN_SELF = YES;
				CLANG_WARN_OBJC_LITERAL_CONVERSION = YES;
				CLANG_WARN_OBJC_ROOT_CLASS = YES_ERROR;
				CLANG_WARN_QUOTED_INCLUDE_IN_FRAMEWORK_HEADER = YES;
				CLANG_WARN_RANGE_LOOP_ANALYSIS = YES;
				CLANG_WARN_STRICT_PROTOTYPES = YES;
				CLANG_WARN_SUSPICIOUS_MOVE = YES;
				CLANG_WARN_UNGUARDED_AVAILABILITY = YES_AGGRESSIVE;
				CLANG_WARN_UNREACHABLE_CODE = YES;
				CLANG_WARN__DUPLICATE_METHOD_MATCH = YES;
				COPY_PHASE_STRIP = NO;
				DEBUG_INFORMATION_FORMAT = dwarf;
				ENABLE_STRICT_OBJC_MSGSEND = YES;
				ENABLE_TESTABILITY = YES;
				ENABLE_USER_SCRIPT_SANDBOXING = YES;
				GCC_C_LANGUAGE_STANDARD = gnu17;
				GCC_DYNAMIC_NO_PIC = NO;
				GCC_NO_COMMON_BLOCKS = YES;
				GCC_OPTIMIZATION_LEVEL = 0;
				GCC_PREPROCESSOR_DEFINITIONS = (
					"DEBUG=1",
					"$(inherited)",
				);
				GCC_WARN_64_TO_32_BIT_CONVERSION = YES;
				GCC_WARN_ABOUT_RETURN_TYPE = YES_ERROR;
				GCC_WARN_UNDECLARED_SELECTOR = YES;
				GCC_WARN_UNINITIALIZED_AUTOS = YES_AGGRESSIVE;
				GCC_WARN_UNUSED_FUNCTION = YES;
				GCC_WARN_UNUSED_VARIABLE = YES;
				LOCALIZATION_PREFERS_STRING_CATALOGS = YES;
				MACOSX_DEPLOYMENT_TARGET = 14.2;
				MTL_ENABLE_DEBUG_INFO = INCLUDE_SOURCE;
				MTL_FAST_MATH = YES;
				ONLY_ACTIVE_ARCH = YES;
				SDKROOT = macosx;
			};
			name = Debug;
		};
		C1BC985B2B73D3080083E181 /* Release */ = {
			isa = XCBuildConfiguration;
			buildSettings = {
				ALWAYS_SEARCH_USER_PATHS = NO;
				ASSETCATALOG_COMPILER_GENERATE_SWIFT_ASSET_SYMBOL_EXTENSIONS = YES;
				CLANG_ANALYZER_NONNULL = YES;
				CLANG_ANALYZER_NUMBER_OBJECT_CONVERSION = YES_AGGRESSIVE;
				CLANG_CXX_LANGUAGE_STANDARD = "gnu++20";
				CLANG_ENABLE_MODULES = YES;
				CLANG_ENABLE_OBJC_ARC = YES;
				CLANG_ENABLE_OBJC_WEAK = YES;
				CLANG_WARN_BLOCK_CAPTURE_AUTORELEASING = YES;
				CLANG_WARN_BOOL_CONVERSION = YES;
				CLANG_WARN_COMMA = YES;
				CLANG_WARN_CONSTANT_CONVERSION = YES;
				CLANG_WARN_DEPRECATED_OBJC_IMPLEMENTATIONS = YES;
				CLANG_WARN_DIRECT_OBJC_ISA_USAGE = YES_ERROR;
				CLANG_WARN_DOCUMENTATION_COMMENTS = YES;
				CLANG_WARN_EMPTY_BODY = YES;
				CLANG_WARN_ENUM_CONVERSION = YES;
				CLANG_WARN_INFINITE_RECURSION = YES;
				CLANG_WARN_INT_CONVERSION = YES;
				CLANG_WARN_NON_LITERAL_NULL_CONVERSION = YES;
				CLANG_WARN_OBJC_IMPLICIT_RETAIN_SELF = YES;
				CLANG_WARN_OBJC_LITERAL_CONVERSION = YES;
				CLANG_WARN_OBJC_ROOT_CLASS = YES_ERROR;
				CLANG_WARN_QUOTED_INCLUDE_IN_FRAMEWORK_HEADER = YES;
				CLANG_WARN_RANGE_LOOP_ANALYSIS = YES;
				CLANG_WARN_STRICT_PROTOTYPES = YES;
				CLANG_WARN_SUSPICIOUS_MOVE = YES;
				CLANG_WARN_UNGUARDED_AVAILABILITY = YES_AGGRESSIVE;
				CLANG_WARN_UNREACHABLE_CODE = YES;
				CLANG_WARN__DUPLICATE_METHOD_MATCH = YES;
				COPY_PHASE_STRIP = NO;
				DEBUG_INFORMATION_FORMAT = "dwarf-with-dsym";
				ENABLE_NS_ASSERTIONS = NO;
				ENABLE_STRICT_OBJC_MSGSEND = YES;
				ENABLE_USER_SCRIPT_SANDBOXING = YES;
				GCC_C_LANGUAGE_STANDARD = gnu17;
				GCC_NO_COMMON_BLOCKS = YES;
				GCC_WARN_64_TO_32_BIT_CONVERSION = YES;
				GCC_WARN_ABOUT_RETURN_TYPE = YES_ERROR;
				GCC_WARN_UNDECLARED_SELECTOR = YES;
				GCC_WARN_UNINITIALIZED_AUTOS = YES_AGGRESSIVE;
				GCC_WARN_UNUSED_FUNCTION = YES;
				GCC_WARN_UNUSED_VARIABLE = YES;
				LOCALIZATION_PREFERS_STRING_CATALOGS = YES;
				MACOSX_DEPLOYMENT_TARGET = 14.2;
				MTL_ENABLE_DEBUG_INFO = NO;
				MTL_FAST_MATH = YES;
				SDKROOT = macosx;
			};
			name = Release;
		};
		C1BC985D2B73D3080083E181 /* Debug */ = {
			isa = XCBuildConfiguration;
			buildSettings = {
				CODE_SIGN_STYLE = Automatic;
				DEVELOPMENT_TEAM = MTUYFM4K8P;
				ENABLE_HARDENED_RUNTIME = YES;
				PRODUCT_NAME = "$(TARGET_NAME)";
			};
			name = Debug;
		};
		C1BC985E2B73D3080083E181 /* Release */ = {
			isa = XCBuildConfiguration;
			buildSettings = {
				CODE_SIGN_STYLE = Automatic;
				DEVELOPMENT_TEAM = MTUYFM4K8P;
				ENABLE_HARDENED_RUNTIME = YES;
				PRODUCT_NAME = "$(TARGET_NAME)";
			};
			name = Release;
		};
		C1BC986D2B73D79A0083E181 /* Debug */ = {
			isa = XCBuildConfiguration;
			buildSettings = {
				CODE_SIGN_STYLE = Automatic;
				DEVELOPMENT_TEAM = MTUYFM4K8P;
				ENABLE_HARDENED_RUNTIME = YES;
				PRODUCT_NAME = "$(TARGET_NAME)";
			};
			name = Debug;
		};
		C1BC986E2B73D79A0083E181 /* Release */ = {
			isa = XCBuildConfiguration;
			buildSettings = {
				CODE_SIGN_STYLE = Automatic;
				DEVELOPMENT_TEAM = MTUYFM4K8P;
				ENABLE_HARDENED_RUNTIME = YES;
				PRODUCT_NAME = "$(TARGET_NAME)";
			};
			name = Release;
		};
		C1BC987A2B73DC730083E181 /* Debug */ = {
			isa = XCBuildConfiguration;
			buildSettings = {
				CODE_SIGN_STYLE = Automatic;
				DEVELOPMENT_TEAM = MTUYFM4K8P;
				ENABLE_HARDENED_RUNTIME = YES;
				PRODUCT_NAME = "$(TARGET_NAME)";
			};
			name = Debug;
		};
		C1BC987B2B73DC730083E181 /* Release */ = {
			isa = XCBuildConfiguration;
			buildSettings = {
				CODE_SIGN_STYLE = Automatic;
				DEVELOPMENT_TEAM = MTUYFM4K8P;
				ENABLE_HARDENED_RUNTIME = YES;
				PRODUCT_NAME = "$(TARGET_NAME)";
			};
			name = Release;
		};
		C1BC99102B7B8D0A0083E181 /* Debug */ = {
			isa = XCBuildConfiguration;
			buildSettings = {
				CODE_SIGN_STYLE = Automatic;
				DEVELOPMENT_TEAM = MTUYFM4K8P;
				ENABLE_HARDENED_RUNTIME = YES;
				PRODUCT_NAME = "$(TARGET_NAME)";
			};
			name = Debug;
		};
		C1BC99112B7B8D0A0083E181 /* Release */ = {
			isa = XCBuildConfiguration;
			buildSettings = {
				CODE_SIGN_STYLE = Automatic;
				DEVELOPMENT_TEAM = MTUYFM4K8P;
				ENABLE_HARDENED_RUNTIME = YES;
				PRODUCT_NAME = "$(TARGET_NAME)";
			};
			name = Release;
		};
		C1BC991C2B7B92190083E181 /* Debug */ = {
			isa = XCBuildConfiguration;
			buildSettings = {
				CODE_SIGN_STYLE = Automatic;
				DEVELOPMENT_TEAM = MTUYFM4K8P;
				ENABLE_HARDENED_RUNTIME = YES;
				PRODUCT_NAME = "$(TARGET_NAME)";
			};
			name = Debug;
		};
		C1BC991D2B7B92190083E181 /* Release */ = {
			isa = XCBuildConfiguration;
			buildSettings = {
				CODE_SIGN_STYLE = Automatic;
				DEVELOPMENT_TEAM = MTUYFM4K8P;
				ENABLE_HARDENED_RUNTIME = YES;
				PRODUCT_NAME = "$(TARGET_NAME)";
			};
			name = Release;
		};
		C1BC99272B7B93AA0083E181 /* Debug */ = {
			isa = XCBuildConfiguration;
			buildSettings = {
				CODE_SIGN_STYLE = Automatic;
				DEVELOPMENT_TEAM = MTUYFM4K8P;
				ENABLE_HARDENED_RUNTIME = YES;
				PRODUCT_NAME = "$(TARGET_NAME)";
			};
			name = Debug;
		};
		C1BC99282B7B93AA0083E181 /* Release */ = {
			isa = XCBuildConfiguration;
			buildSettings = {
				CODE_SIGN_STYLE = Automatic;
				DEVELOPMENT_TEAM = MTUYFM4K8P;
				ENABLE_HARDENED_RUNTIME = YES;
				PRODUCT_NAME = "$(TARGET_NAME)";
			};
			name = Release;
		};
		C1BC9A102B8640430083E181 /* Debug */ = {
			isa = XCBuildConfiguration;
			buildSettings = {
				CODE_SIGN_STYLE = Automatic;
				DEVELOPMENT_TEAM = MTUYFM4K8P;
				ENABLE_HARDENED_RUNTIME = YES;
				PRODUCT_NAME = "$(TARGET_NAME)";
			};
			name = Debug;
		};
		C1BC9A112B8640430083E181 /* Release */ = {
			isa = XCBuildConfiguration;
			buildSettings = {
				CODE_SIGN_STYLE = Automatic;
				DEVELOPMENT_TEAM = MTUYFM4K8P;
				ENABLE_HARDENED_RUNTIME = YES;
				PRODUCT_NAME = "$(TARGET_NAME)";
			};
			name = Release;
		};
		C1E63ABB2BA34E1B00707F53 /* Debug */ = {
			isa = XCBuildConfiguration;
			buildSettings = {
				CODE_SIGN_STYLE = Automatic;
				DEVELOPMENT_TEAM = MTUYFM4K8P;
				ENABLE_HARDENED_RUNTIME = YES;
				PRODUCT_NAME = "$(TARGET_NAME)";
			};
			name = Debug;
		};
		C1E63ABC2BA34E1B00707F53 /* Release */ = {
			isa = XCBuildConfiguration;
			buildSettings = {
				CODE_SIGN_STYLE = Automatic;
				DEVELOPMENT_TEAM = MTUYFM4K8P;
				ENABLE_HARDENED_RUNTIME = YES;
				PRODUCT_NAME = "$(TARGET_NAME)";
			};
			name = Release;
		};
/* End XCBuildConfiguration section */

/* Begin XCConfigurationList section */
		C1314E5E2BB1C91F005CF266 /* Build configuration list for PBXNativeTarget "4153" */ = {
			isa = XCConfigurationList;
			buildConfigurations = (
				C1314E5F2BB1C91F005CF266 /* Debug */,
				C1314E602BB1C91F005CF266 /* Release */,
			);
			defaultConfigurationIsVisible = 0;
			defaultConfigurationName = Release;
		};
		C1314E942BB27FCC005CF266 /* Build configuration list for PBXNativeTarget "1978" */ = {
			isa = XCConfigurationList;
			buildConfigurations = (
				C1314E952BB27FCC005CF266 /* Debug */,
				C1314E962BB27FCC005CF266 /* Release */,
			);
			defaultConfigurationIsVisible = 0;
			defaultConfigurationName = Release;
		};
		C1314E9F2BB28195005CF266 /* Build configuration list for PBXNativeTarget "2231" */ = {
			isa = XCConfigurationList;
			buildConfigurations = (
				C1314EA02BB28195005CF266 /* Debug */,
				C1314EA12BB28195005CF266 /* Release */,
			);
			defaultConfigurationIsVisible = 0;
			defaultConfigurationName = Release;
		};
		C132C12D2B8B511E00C660FB /* Build configuration list for PBXNativeTarget "10818" */ = {
			isa = XCConfigurationList;
			buildConfigurations = (
				C132C12B2B8B511E00C660FB /* Debug */,
				C132C12C2B8B511E00C660FB /* Release */,
			);
			defaultConfigurationIsVisible = 0;
			defaultConfigurationName = Release;
		};
		C132C1362B8B54AF00C660FB /* Build configuration list for PBXNativeTarget "27866" */ = {
			isa = XCConfigurationList;
			buildConfigurations = (
				C132C1372B8B54AF00C660FB /* Debug */,
				C132C1382B8B54AF00C660FB /* Release */,
			);
			defaultConfigurationIsVisible = 0;
			defaultConfigurationName = Release;
		};
		C132C1412B8B561600C660FB /* Build configuration list for PBXNativeTarget "1436" */ = {
			isa = XCConfigurationList;
			buildConfigurations = (
				C132C1422B8B561600C660FB /* Debug */,
				C132C1432B8B561600C660FB /* Release */,
			);
			defaultConfigurationIsVisible = 0;
			defaultConfigurationName = Release;
		};
		C132C1652B8CA41B00C660FB /* Build configuration list for PBXNativeTarget "2739" */ = {
			isa = XCConfigurationList;
			buildConfigurations = (
				C132C1632B8CA41B00C660FB /* Debug */,
				C132C1642B8CA41B00C660FB /* Release */,
			);
			defaultConfigurationIsVisible = 0;
			defaultConfigurationName = Release;
		};
		C132C16E2B8CA54300C660FB /* Build configuration list for PBXNativeTarget "1018" */ = {
			isa = XCConfigurationList;
			buildConfigurations = (
				C132C16F2B8CA54300C660FB /* Debug */,
				C132C1702B8CA54300C660FB /* Release */,
			);
			defaultConfigurationIsVisible = 0;
			defaultConfigurationName = Release;
		};
		C14FA1D52BBE3E770090DEEC /* Build configuration list for PBXNativeTarget "3273" */ = {
			isa = XCConfigurationList;
			buildConfigurations = (
				C14FA1D32BBE3E770090DEEC /* Debug */,
				C14FA1D42BBE3E770090DEEC /* Release */,
			);
			defaultConfigurationIsVisible = 0;
			defaultConfigurationName = Release;
		};
		C14FA1DE2BBE5E040090DEEC /* Build configuration list for PBXNativeTarget "1259" */ = {
			isa = XCConfigurationList;
			buildConfigurations = (
				C14FA1DF2BBE5E040090DEEC /* Debug */,
				C14FA1E02BBE5E040090DEEC /* Release */,
			);
			defaultConfigurationIsVisible = 0;
			defaultConfigurationName = Release;
		};
		C15B412D2B8D9730000B045D /* Build configuration list for PBXNativeTarget "1330" */ = {
			isa = XCConfigurationList;
			buildConfigurations = (
				C15B412B2B8D9730000B045D /* Debug */,
				C15B412C2B8D9730000B045D /* Release */,
			);
			defaultConfigurationIsVisible = 0;
			defaultConfigurationName = Release;
		};
		C15B41362B8D97CF000B045D /* Build configuration list for PBXNativeTarget "2675" */ = {
			isa = XCConfigurationList;
			buildConfigurations = (
				C15B41372B8D97CF000B045D /* Debug */,
				C15B41382B8D97CF000B045D /* Release */,
			);
			defaultConfigurationIsVisible = 0;
			defaultConfigurationName = Release;
		};
		C15B42082B90DD0D000B045D /* Build configuration list for PBXNativeTarget "2741" */ = {
			isa = XCConfigurationList;
			buildConfigurations = (
				C15B42062B90DD0D000B045D /* Debug */,
				C15B42072B90DD0D000B045D /* Release */,
			);
			defaultConfigurationIsVisible = 0;
			defaultConfigurationName = Release;
		};
		C15B42202B923CCB000B045D /* Build configuration list for PBXNativeTarget "10951" */ = {
			isa = XCConfigurationList;
			buildConfigurations = (
				C15B421E2B923CCB000B045D /* Debug */,
				C15B421F2B923CCB000B045D /* Release */,
			);
			defaultConfigurationIsVisible = 0;
			defaultConfigurationName = Release;
		};
		C15B422D2B937B80000B045D /* Build configuration list for PBXNativeTarget "2475" */ = {
			isa = XCConfigurationList;
			buildConfigurations = (
				C15B422B2B937B80000B045D /* Debug */,
				C15B422C2B937B80000B045D /* Release */,
			);
			defaultConfigurationIsVisible = 0;
			defaultConfigurationName = Release;
		};
		C15B42362B937C33000B045D /* Build configuration list for PBXNativeTarget "2753" */ = {
			isa = XCConfigurationList;
			buildConfigurations = (
				C15B42372B937C33000B045D /* Debug */,
				C15B42382B937C33000B045D /* Release */,
			);
			defaultConfigurationIsVisible = 0;
			defaultConfigurationName = Release;
		};
		C15B42412B937E6E000B045D /* Build configuration list for PBXNativeTarget "9498" */ = {
			isa = XCConfigurationList;
			buildConfigurations = (
				C15B42422B937E6E000B045D /* Debug */,
				C15B42432B937E6E000B045D /* Release */,
			);
			defaultConfigurationIsVisible = 0;
			defaultConfigurationName = Release;
		};
		C15B42842B961941000B045D /* Build configuration list for PBXNativeTarget "2884" */ = {
			isa = XCConfigurationList;
			buildConfigurations = (
				C15B42822B961941000B045D /* Debug */,
				C15B42832B961941000B045D /* Release */,
			);
			defaultConfigurationIsVisible = 0;
			defaultConfigurationName = Release;
		};
		C15B428D2B961ACA000B045D /* Build configuration list for PBXNativeTarget "10871" */ = {
			isa = XCConfigurationList;
			buildConfigurations = (
				C15B428E2B961ACA000B045D /* Debug */,
				C15B428F2B961ACA000B045D /* Release */,
			);
			defaultConfigurationIsVisible = 0;
			defaultConfigurationName = Release;
		};
		C15B42982B961D07000B045D /* Build configuration list for PBXNativeTarget "2920" */ = {
			isa = XCConfigurationList;
			buildConfigurations = (
				C15B42992B961D07000B045D /* Debug */,
				C15B429A2B961D07000B045D /* Release */,
			);
			defaultConfigurationIsVisible = 0;
			defaultConfigurationName = Release;
		};
		C15B42A62B96D0A1000B045D /* Build configuration list for PBXNativeTarget "3052" */ = {
			isa = XCConfigurationList;
			buildConfigurations = (
				C15B42A42B96D0A1000B045D /* Debug */,
				C15B42A52B96D0A1000B045D /* Release */,
			);
			defaultConfigurationIsVisible = 0;
			defaultConfigurationName = Release;
		};
		C15B42AF2B96D278000B045D /* Build configuration list for PBXNativeTarget "8958" */ = {
			isa = XCConfigurationList;
			buildConfigurations = (
				C15B42B02B96D278000B045D /* Debug */,
				C15B42B12B96D278000B045D /* Release */,
			);
			defaultConfigurationIsVisible = 0;
			defaultConfigurationName = Release;
		};
		C17008642B9F56AA00008BE7 /* Build configuration list for PBXNativeTarget "10809" */ = {
			isa = XCConfigurationList;
			buildConfigurations = (
				C17008652B9F56AA00008BE7 /* Debug */,
				C17008662B9F56AA00008BE7 /* Release */,
			);
			defaultConfigurationIsVisible = 0;
			defaultConfigurationName = Release;
		};
		C1BC98502B73D3070083E181 /* Build configuration list for PBXProject "Algorithm" */ = {
			isa = XCConfigurationList;
			buildConfigurations = (
				C1BC985A2B73D3080083E181 /* Debug */,
				C1BC985B2B73D3080083E181 /* Release */,
			);
			defaultConfigurationIsVisible = 0;
			defaultConfigurationName = Release;
		};
		C1BC985C2B73D3080083E181 /* Build configuration list for PBXNativeTarget "Algorithm" */ = {
			isa = XCConfigurationList;
			buildConfigurations = (
				C1BC985D2B73D3080083E181 /* Debug */,
				C1BC985E2B73D3080083E181 /* Release */,
			);
			defaultConfigurationIsVisible = 0;
			defaultConfigurationName = Release;
		};
		C1BC986C2B73D79A0083E181 /* Build configuration list for PBXNativeTarget "1152" */ = {
			isa = XCConfigurationList;
			buildConfigurations = (
				C1BC986D2B73D79A0083E181 /* Debug */,
				C1BC986E2B73D79A0083E181 /* Release */,
			);
			defaultConfigurationIsVisible = 0;
			defaultConfigurationName = Release;
		};
		C1BC98792B73DC730083E181 /* Build configuration list for PBXNativeTarget "1157" */ = {
			isa = XCConfigurationList;
			buildConfigurations = (
				C1BC987A2B73DC730083E181 /* Debug */,
				C1BC987B2B73DC730083E181 /* Release */,
			);
			defaultConfigurationIsVisible = 0;
			defaultConfigurationName = Release;
		};
		C1BC99122B7B8D0A0083E181 /* Build configuration list for PBXNativeTarget "2439" */ = {
			isa = XCConfigurationList;
			buildConfigurations = (
				C1BC99102B7B8D0A0083E181 /* Debug */,
				C1BC99112B7B8D0A0083E181 /* Release */,
			);
			defaultConfigurationIsVisible = 0;
			defaultConfigurationName = Release;
		};
		C1BC991B2B7B92190083E181 /* Build configuration list for PBXNativeTarget "2562" */ = {
			isa = XCConfigurationList;
			buildConfigurations = (
				C1BC991C2B7B92190083E181 /* Debug */,
				C1BC991D2B7B92190083E181 /* Release */,
			);
			defaultConfigurationIsVisible = 0;
			defaultConfigurationName = Release;
		};
		C1BC99262B7B93AA0083E181 /* Build configuration list for PBXNativeTarget "2577" */ = {
			isa = XCConfigurationList;
			buildConfigurations = (
				C1BC99272B7B93AA0083E181 /* Debug */,
				C1BC99282B7B93AA0083E181 /* Release */,
			);
			defaultConfigurationIsVisible = 0;
			defaultConfigurationName = Release;
		};
		C1BC9A122B8640430083E181 /* Build configuration list for PBXNativeTarget "11720" */ = {
			isa = XCConfigurationList;
			buildConfigurations = (
				C1BC9A102B8640430083E181 /* Debug */,
				C1BC9A112B8640430083E181 /* Release */,
			);
			defaultConfigurationIsVisible = 0;
			defaultConfigurationName = Release;
		};
		C1E63ABD2BA34E1B00707F53 /* Build configuration list for PBXNativeTarget "10250" */ = {
			isa = XCConfigurationList;
			buildConfigurations = (
				C1E63ABB2BA34E1B00707F53 /* Debug */,
				C1E63ABC2BA34E1B00707F53 /* Release */,
			);
			defaultConfigurationIsVisible = 0;
			defaultConfigurationName = Release;
		};
/* End XCConfigurationList section */
	};
	rootObject = C1BC984D2B73D3070083E181 /* Project object */;
}
