// !$*UTF8*$!
{
	archiveVersion = 1;
	classes = {
	};
	objectVersion = 56;
	objects = {

/* Begin PBXBuildFile section */
		C132C12A2B8B511E00C660FB /* main.cpp in Sources */ = {isa = PBXBuildFile; fileRef = C132C1292B8B511E00C660FB /* main.cpp */; };
		C132C1352B8B54AF00C660FB /* main.cpp in Sources */ = {isa = PBXBuildFile; fileRef = C132C1342B8B54AF00C660FB /* main.cpp */; };
		C132C1402B8B561600C660FB /* main.cpp in Sources */ = {isa = PBXBuildFile; fileRef = C132C13F2B8B561600C660FB /* main.cpp */; };
		C132C1622B8CA41B00C660FB /* main.cpp in Sources */ = {isa = PBXBuildFile; fileRef = C132C1612B8CA41B00C660FB /* main.cpp */; };
		C132C16D2B8CA54300C660FB /* main.cpp in Sources */ = {isa = PBXBuildFile; fileRef = C132C16C2B8CA54300C660FB /* main.cpp */; };
		C15B412A2B8D9730000B045D /* main.cpp in Sources */ = {isa = PBXBuildFile; fileRef = C15B41292B8D9730000B045D /* main.cpp */; };
		C15B41352B8D97CF000B045D /* main.cpp in Sources */ = {isa = PBXBuildFile; fileRef = C15B41342B8D97CF000B045D /* main.cpp */; };
		C1BC98592B73D3080083E181 /* 1008.cpp in Sources */ = {isa = PBXBuildFile; fileRef = C1BC98582B73D3080083E181 /* 1008.cpp */; };
		C1BC986B2B73D79A0083E181 /* main.cpp in Sources */ = {isa = PBXBuildFile; fileRef = C1BC986A2B73D79A0083E181 /* main.cpp */; };
		C1BC98782B73DC730083E181 /* main.cpp in Sources */ = {isa = PBXBuildFile; fileRef = C1BC98772B73DC730083E181 /* main.cpp */; };
		C1BC990F2B7B8D0A0083E181 /* main.cpp in Sources */ = {isa = PBXBuildFile; fileRef = C1BC990E2B7B8D0A0083E181 /* main.cpp */; };
		C1BC991A2B7B92190083E181 /* main.cpp in Sources */ = {isa = PBXBuildFile; fileRef = C1BC99192B7B92190083E181 /* main.cpp */; };
		C1BC99252B7B93AA0083E181 /* main.cpp in Sources */ = {isa = PBXBuildFile; fileRef = C1BC99242B7B93AA0083E181 /* main.cpp */; };
		C1BC9A0F2B8640430083E181 /* main.cpp in Sources */ = {isa = PBXBuildFile; fileRef = C1BC9A0E2B8640430083E181 /* main.cpp */; };
/* End PBXBuildFile section */

/* Begin PBXCopyFilesBuildPhase section */
		C132C1252B8B511E00C660FB /* CopyFiles */ = {
			isa = PBXCopyFilesBuildPhase;
			buildActionMask = 2147483647;
			dstPath = /usr/share/man/man1/;
			dstSubfolderSpec = 0;
			files = (
			);
			runOnlyForDeploymentPostprocessing = 1;
		};
		C132C1302B8B54AF00C660FB /* CopyFiles */ = {
			isa = PBXCopyFilesBuildPhase;
			buildActionMask = 2147483647;
			dstPath = /usr/share/man/man1/;
			dstSubfolderSpec = 0;
			files = (
			);
			runOnlyForDeploymentPostprocessing = 1;
		};
		C132C13B2B8B561600C660FB /* CopyFiles */ = {
			isa = PBXCopyFilesBuildPhase;
			buildActionMask = 2147483647;
			dstPath = /usr/share/man/man1/;
			dstSubfolderSpec = 0;
			files = (
			);
			runOnlyForDeploymentPostprocessing = 1;
		};
		C132C15D2B8CA41B00C660FB /* CopyFiles */ = {
			isa = PBXCopyFilesBuildPhase;
			buildActionMask = 2147483647;
			dstPath = /usr/share/man/man1/;
			dstSubfolderSpec = 0;
			files = (
			);
			runOnlyForDeploymentPostprocessing = 1;
		};
		C132C1682B8CA54300C660FB /* CopyFiles */ = {
			isa = PBXCopyFilesBuildPhase;
			buildActionMask = 2147483647;
			dstPath = /usr/share/man/man1/;
			dstSubfolderSpec = 0;
			files = (
			);
			runOnlyForDeploymentPostprocessing = 1;
		};
		C15B41252B8D9730000B045D /* CopyFiles */ = {
			isa = PBXCopyFilesBuildPhase;
			buildActionMask = 2147483647;
			dstPath = /usr/share/man/man1/;
			dstSubfolderSpec = 0;
			files = (
			);
			runOnlyForDeploymentPostprocessing = 1;
		};
		C15B41302B8D97CF000B045D /* CopyFiles */ = {
			isa = PBXCopyFilesBuildPhase;
			buildActionMask = 2147483647;
			dstPath = /usr/share/man/man1/;
			dstSubfolderSpec = 0;
			files = (
			);
			runOnlyForDeploymentPostprocessing = 1;
		};
		C1BC98532B73D3080083E181 /* CopyFiles */ = {
			isa = PBXCopyFilesBuildPhase;
			buildActionMask = 2147483647;
			dstPath = /usr/share/man/man1/;
			dstSubfolderSpec = 0;
			files = (
			);
			runOnlyForDeploymentPostprocessing = 1;
		};
		C1BC98662B73D79A0083E181 /* CopyFiles */ = {
			isa = PBXCopyFilesBuildPhase;
			buildActionMask = 2147483647;
			dstPath = /usr/share/man/man1/;
			dstSubfolderSpec = 0;
			files = (
			);
			runOnlyForDeploymentPostprocessing = 1;
		};
		C1BC98732B73DC730083E181 /* CopyFiles */ = {
			isa = PBXCopyFilesBuildPhase;
			buildActionMask = 2147483647;
			dstPath = /usr/share/man/man1/;
			dstSubfolderSpec = 0;
			files = (
			);
			runOnlyForDeploymentPostprocessing = 1;
		};
		C1BC990A2B7B8D0A0083E181 /* CopyFiles */ = {
			isa = PBXCopyFilesBuildPhase;
			buildActionMask = 2147483647;
			dstPath = /usr/share/man/man1/;
			dstSubfolderSpec = 0;
			files = (
			);
			runOnlyForDeploymentPostprocessing = 1;
		};
		C1BC99152B7B92190083E181 /* CopyFiles */ = {
			isa = PBXCopyFilesBuildPhase;
			buildActionMask = 2147483647;
			dstPath = /usr/share/man/man1/;
			dstSubfolderSpec = 0;
			files = (
			);
			runOnlyForDeploymentPostprocessing = 1;
		};
		C1BC99202B7B93AA0083E181 /* CopyFiles */ = {
			isa = PBXCopyFilesBuildPhase;
			buildActionMask = 2147483647;
			dstPath = /usr/share/man/man1/;
			dstSubfolderSpec = 0;
			files = (
			);
			runOnlyForDeploymentPostprocessing = 1;
		};
		C1BC9A0A2B8640430083E181 /* CopyFiles */ = {
			isa = PBXCopyFilesBuildPhase;
			buildActionMask = 2147483647;
			dstPath = /usr/share/man/man1/;
			dstSubfolderSpec = 0;
			files = (
			);
			runOnlyForDeploymentPostprocessing = 1;
		};
/* End PBXCopyFilesBuildPhase section */

/* Begin PBXFileReference section */
		C132C1272B8B511E00C660FB /* 10818 */ = {isa = PBXFileReference; explicitFileType = "compiled.mach-o.executable"; includeInIndex = 0; path = 10818; sourceTree = BUILT_PRODUCTS_DIR; };
		C132C1292B8B511E00C660FB /* main.cpp */ = {isa = PBXFileReference; lastKnownFileType = sourcecode.cpp.cpp; path = main.cpp; sourceTree = "<group>"; };
		C132C1322B8B54AF00C660FB /* 27866 */ = {isa = PBXFileReference; explicitFileType = "compiled.mach-o.executable"; includeInIndex = 0; path = 27866; sourceTree = BUILT_PRODUCTS_DIR; };
		C132C1342B8B54AF00C660FB /* main.cpp */ = {isa = PBXFileReference; lastKnownFileType = sourcecode.cpp.cpp; path = main.cpp; sourceTree = "<group>"; };
		C132C13D2B8B561600C660FB /* 1436 */ = {isa = PBXFileReference; explicitFileType = "compiled.mach-o.executable"; includeInIndex = 0; path = 1436; sourceTree = BUILT_PRODUCTS_DIR; };
		C132C13F2B8B561600C660FB /* main.cpp */ = {isa = PBXFileReference; lastKnownFileType = sourcecode.cpp.cpp; path = main.cpp; sourceTree = "<group>"; };
		C132C15F2B8CA41B00C660FB /* 2739 */ = {isa = PBXFileReference; explicitFileType = "compiled.mach-o.executable"; includeInIndex = 0; path = 2739; sourceTree = BUILT_PRODUCTS_DIR; };
		C132C1612B8CA41B00C660FB /* main.cpp */ = {isa = PBXFileReference; lastKnownFileType = sourcecode.cpp.cpp; path = main.cpp; sourceTree = "<group>"; };
		C132C16A2B8CA54300C660FB /* 1018 */ = {isa = PBXFileReference; explicitFileType = "compiled.mach-o.executable"; includeInIndex = 0; path = 1018; sourceTree = BUILT_PRODUCTS_DIR; };
		C132C16C2B8CA54300C660FB /* main.cpp */ = {isa = PBXFileReference; lastKnownFileType = sourcecode.cpp.cpp; path = main.cpp; sourceTree = "<group>"; };
		C15B41272B8D9730000B045D /* 1330 */ = {isa = PBXFileReference; explicitFileType = "compiled.mach-o.executable"; includeInIndex = 0; path = 1330; sourceTree = BUILT_PRODUCTS_DIR; };
		C15B41292B8D9730000B045D /* main.cpp */ = {isa = PBXFileReference; lastKnownFileType = sourcecode.cpp.cpp; path = main.cpp; sourceTree = "<group>"; };
		C15B41322B8D97CF000B045D /* 2675 */ = {isa = PBXFileReference; explicitFileType = "compiled.mach-o.executable"; includeInIndex = 0; path = 2675; sourceTree = BUILT_PRODUCTS_DIR; };
		C15B41342B8D97CF000B045D /* main.cpp */ = {isa = PBXFileReference; lastKnownFileType = sourcecode.cpp.cpp; path = main.cpp; sourceTree = "<group>"; };
		C1BC98552B73D3080083E181 /* Algorithm */ = {isa = PBXFileReference; explicitFileType = "compiled.mach-o.executable"; includeInIndex = 0; path = Algorithm; sourceTree = BUILT_PRODUCTS_DIR; };
		C1BC98582B73D3080083E181 /* 1008.cpp */ = {isa = PBXFileReference; lastKnownFileType = sourcecode.cpp.cpp; path = 1008.cpp; sourceTree = "<group>"; };
		C1BC98682B73D79A0083E181 /* 1152 */ = {isa = PBXFileReference; explicitFileType = "compiled.mach-o.executable"; includeInIndex = 0; path = 1152; sourceTree = BUILT_PRODUCTS_DIR; };
		C1BC986A2B73D79A0083E181 /* main.cpp */ = {isa = PBXFileReference; lastKnownFileType = sourcecode.cpp.cpp; path = main.cpp; sourceTree = "<group>"; };
		C1BC98752B73DC730083E181 /* 1157 */ = {isa = PBXFileReference; explicitFileType = "compiled.mach-o.executable"; includeInIndex = 0; path = 1157; sourceTree = BUILT_PRODUCTS_DIR; };
		C1BC98772B73DC730083E181 /* main.cpp */ = {isa = PBXFileReference; lastKnownFileType = sourcecode.cpp.cpp; path = main.cpp; sourceTree = "<group>"; };
		C1BC990C2B7B8D0A0083E181 /* 2439 */ = {isa = PBXFileReference; explicitFileType = "compiled.mach-o.executable"; includeInIndex = 0; path = 2439; sourceTree = BUILT_PRODUCTS_DIR; };
		C1BC990E2B7B8D0A0083E181 /* main.cpp */ = {isa = PBXFileReference; lastKnownFileType = sourcecode.cpp.cpp; path = main.cpp; sourceTree = "<group>"; };
		C1BC99172B7B92190083E181 /* 2562 */ = {isa = PBXFileReference; explicitFileType = "compiled.mach-o.executable"; includeInIndex = 0; path = 2562; sourceTree = BUILT_PRODUCTS_DIR; };
		C1BC99192B7B92190083E181 /* main.cpp */ = {isa = PBXFileReference; lastKnownFileType = sourcecode.cpp.cpp; path = main.cpp; sourceTree = "<group>"; };
		C1BC99222B7B93AA0083E181 /* 2577 */ = {isa = PBXFileReference; explicitFileType = "compiled.mach-o.executable"; includeInIndex = 0; path = 2577; sourceTree = BUILT_PRODUCTS_DIR; };
		C1BC99242B7B93AA0083E181 /* main.cpp */ = {isa = PBXFileReference; lastKnownFileType = sourcecode.cpp.cpp; path = main.cpp; sourceTree = "<group>"; };
		C1BC9A0C2B8640430083E181 /* 11720 */ = {isa = PBXFileReference; explicitFileType = "compiled.mach-o.executable"; includeInIndex = 0; path = 11720; sourceTree = BUILT_PRODUCTS_DIR; };
		C1BC9A0E2B8640430083E181 /* main.cpp */ = {isa = PBXFileReference; lastKnownFileType = sourcecode.cpp.cpp; path = main.cpp; sourceTree = "<group>"; };
/* End PBXFileReference section */

/* Begin PBXFrameworksBuildPhase section */
		C132C1242B8B511E00C660FB /* Frameworks */ = {
			isa = PBXFrameworksBuildPhase;
			buildActionMask = 2147483647;
			files = (
			);
			runOnlyForDeploymentPostprocessing = 0;
		};
		C132C12F2B8B54AF00C660FB /* Frameworks */ = {
			isa = PBXFrameworksBuildPhase;
			buildActionMask = 2147483647;
			files = (
			);
			runOnlyForDeploymentPostprocessing = 0;
		};
		C132C13A2B8B561600C660FB /* Frameworks */ = {
			isa = PBXFrameworksBuildPhase;
			buildActionMask = 2147483647;
			files = (
			);
			runOnlyForDeploymentPostprocessing = 0;
		};
		C132C15C2B8CA41B00C660FB /* Frameworks */ = {
			isa = PBXFrameworksBuildPhase;
			buildActionMask = 2147483647;
			files = (
			);
			runOnlyForDeploymentPostprocessing = 0;
		};
		C132C1672B8CA54300C660FB /* Frameworks */ = {
			isa = PBXFrameworksBuildPhase;
			buildActionMask = 2147483647;
			files = (
			);
			runOnlyForDeploymentPostprocessing = 0;
		};
		C15B41242B8D9730000B045D /* Frameworks */ = {
			isa = PBXFrameworksBuildPhase;
			buildActionMask = 2147483647;
			files = (
			);
			runOnlyForDeploymentPostprocessing = 0;
		};
		C15B412F2B8D97CF000B045D /* Frameworks */ = {
			isa = PBXFrameworksBuildPhase;
			buildActionMask = 2147483647;
			files = (
			);
			runOnlyForDeploymentPostprocessing = 0;
		};
		C1BC98522B73D3080083E181 /* Frameworks */ = {
			isa = PBXFrameworksBuildPhase;
			buildActionMask = 2147483647;
			files = (
			);
			runOnlyForDeploymentPostprocessing = 0;
		};
		C1BC98652B73D79A0083E181 /* Frameworks */ = {
			isa = PBXFrameworksBuildPhase;
			buildActionMask = 2147483647;
			files = (
			);
			runOnlyForDeploymentPostprocessing = 0;
		};
		C1BC98722B73DC730083E181 /* Frameworks */ = {
			isa = PBXFrameworksBuildPhase;
			buildActionMask = 2147483647;
			files = (
			);
			runOnlyForDeploymentPostprocessing = 0;
		};
		C1BC99092B7B8D0A0083E181 /* Frameworks */ = {
			isa = PBXFrameworksBuildPhase;
			buildActionMask = 2147483647;
			files = (
			);
			runOnlyForDeploymentPostprocessing = 0;
		};
		C1BC99142B7B92190083E181 /* Frameworks */ = {
			isa = PBXFrameworksBuildPhase;
			buildActionMask = 2147483647;
			files = (
			);
			runOnlyForDeploymentPostprocessing = 0;
		};
		C1BC991F2B7B93AA0083E181 /* Frameworks */ = {
			isa = PBXFrameworksBuildPhase;
			buildActionMask = 2147483647;
			files = (
			);
			runOnlyForDeploymentPostprocessing = 0;
		};
		C1BC9A092B8640430083E181 /* Frameworks */ = {
			isa = PBXFrameworksBuildPhase;
			buildActionMask = 2147483647;
			files = (
			);
			runOnlyForDeploymentPostprocessing = 0;
		};
/* End PBXFrameworksBuildPhase section */

/* Begin PBXGroup section */
		C132C1282B8B511E00C660FB /* 10818 */ = {
			isa = PBXGroup;
			children = (
				C132C1292B8B511E00C660FB /* main.cpp */,
			);
			path = 10818;
			sourceTree = "<group>";
		};
		C132C1332B8B54AF00C660FB /* 27866 */ = {
			isa = PBXGroup;
			children = (
				C132C1342B8B54AF00C660FB /* main.cpp */,
			);
			path = 27866;
			sourceTree = "<group>";
		};
		C132C13E2B8B561600C660FB /* 1436 */ = {
			isa = PBXGroup;
			children = (
				C132C13F2B8B561600C660FB /* main.cpp */,
			);
			path = 1436;
			sourceTree = "<group>";
		};
		C132C1442B8B562300C660FB /* BruteForce */ = {
			isa = PBXGroup;
			children = (
				C132C1452B8B563100C660FB /* Lev2 */,
			);
			path = BruteForce;
			sourceTree = "<group>";
		};
		C132C1452B8B563100C660FB /* Lev2 */ = {
			isa = PBXGroup;
			children = (
				C132C16B2B8CA54300C660FB /* 1018 */,
				C132C13E2B8B561600C660FB /* 1436 */,
			);
			path = Lev2;
			sourceTree = "<group>";
		};
		C132C1602B8CA41B00C660FB /* 2739 */ = {
			isa = PBXGroup;
			children = (
				C132C1612B8CA41B00C660FB /* main.cpp */,
			);
			path = 2739;
			sourceTree = "<group>";
		};
		C132C16B2B8CA54300C660FB /* 1018 */ = {
			isa = PBXGroup;
			children = (
				C132C16C2B8CA54300C660FB /* main.cpp */,
			);
			path = 1018;
			sourceTree = "<group>";
		};
		C15B41282B8D9730000B045D /* 1330 */ = {
			isa = PBXGroup;
			children = (
				C15B41292B8D9730000B045D /* main.cpp */,
			);
			path = 1330;
			sourceTree = "<group>";
		};
		C15B41332B8D97CF000B045D /* 2675 */ = {
			isa = PBXGroup;
			children = (
				C15B41342B8D97CF000B045D /* main.cpp */,
			);
			path = 2675;
			sourceTree = "<group>";
		};
		C1BC984C2B73D3070083E181 = {
			isa = PBXGroup;
			children = (
				C1BC98572B73D3080083E181 /* Algorithm */,
				C1BC98562B73D3080083E181 /* Products */,
			);
			sourceTree = "<group>";
		};
		C1BC98562B73D3080083E181 /* Products */ = {
			isa = PBXGroup;
			children = (
				C1BC98552B73D3080083E181 /* Algorithm */,
				C1BC98682B73D79A0083E181 /* 1152 */,
				C1BC98752B73DC730083E181 /* 1157 */,
				C1BC990C2B7B8D0A0083E181 /* 2439 */,
				C1BC99172B7B92190083E181 /* 2562 */,
				C1BC99222B7B93AA0083E181 /* 2577 */,
				C1BC9A0C2B8640430083E181 /* 11720 */,
				C132C1272B8B511E00C660FB /* 10818 */,
				C132C1322B8B54AF00C660FB /* 27866 */,
				C132C13D2B8B561600C660FB /* 1436 */,
				C132C15F2B8CA41B00C660FB /* 2739 */,
				C132C16A2B8CA54300C660FB /* 1018 */,
				C15B41272B8D9730000B045D /* 1330 */,
				C15B41322B8D97CF000B045D /* 2675 */,
			);
			name = Products;
			sourceTree = "<group>";
		};
		C1BC98572B73D3080083E181 /* Algorithm */ = {
			isa = PBXGroup;
			children = (
				C132C1442B8B562300C660FB /* BruteForce */,
				C1BC986F2B73DBE00083E181 /* Implementation */,
			);
			path = Algorithm;
			sourceTree = "<group>";
		};
		C1BC98692B73D79A0083E181 /* 1152 */ = {
			isa = PBXGroup;
			children = (
				C1BC986A2B73D79A0083E181 /* main.cpp */,
			);
			path = 1152;
			sourceTree = "<group>";
		};
		C1BC986F2B73DBE00083E181 /* Implementation */ = {
			isa = PBXGroup;
			children = (
				C1BC98702B73DC0A0083E181 /* Lev1 */,
			);
			path = Implementation;
			sourceTree = "<group>";
		};
		C1BC98702B73DC0A0083E181 /* Lev1 */ = {
			isa = PBXGroup;
			children = (
				C15B41332B8D97CF000B045D /* 2675 */,
				C15B41282B8D9730000B045D /* 1330 */,
				C132C1602B8CA41B00C660FB /* 2739 */,
				C132C1332B8B54AF00C660FB /* 27866 */,
				C132C1282B8B511E00C660FB /* 10818 */,
				C1BC9A0D2B8640430083E181 /* 11720 */,
				C1BC99232B7B93AA0083E181 /* 2577 */,
				C1BC99182B7B92190083E181 /* 2562 */,
				C1BC990D2B7B8D0A0083E181 /* 2439 */,
				C1BC98582B73D3080083E181 /* 1008.cpp */,
				C1BC98692B73D79A0083E181 /* 1152 */,
				C1BC98762B73DC730083E181 /* 1157 */,
			);
			path = Lev1;
			sourceTree = "<group>";
		};
		C1BC98762B73DC730083E181 /* 1157 */ = {
			isa = PBXGroup;
			children = (
				C1BC98772B73DC730083E181 /* main.cpp */,
			);
			path = 1157;
			sourceTree = "<group>";
		};
		C1BC990D2B7B8D0A0083E181 /* 2439 */ = {
			isa = PBXGroup;
			children = (
				C1BC990E2B7B8D0A0083E181 /* main.cpp */,
			);
			path = 2439;
			sourceTree = "<group>";
		};
		C1BC99182B7B92190083E181 /* 2562 */ = {
			isa = PBXGroup;
			children = (
				C1BC99192B7B92190083E181 /* main.cpp */,
			);
			path = 2562;
			sourceTree = "<group>";
		};
		C1BC99232B7B93AA0083E181 /* 2577 */ = {
			isa = PBXGroup;
			children = (
				C1BC99242B7B93AA0083E181 /* main.cpp */,
			);
			path = 2577;
			sourceTree = "<group>";
		};
		C1BC9A0D2B8640430083E181 /* 11720 */ = {
			isa = PBXGroup;
			children = (
				C1BC9A0E2B8640430083E181 /* main.cpp */,
			);
			path = 11720;
			sourceTree = "<group>";
		};
/* End PBXGroup section */

/* Begin PBXNativeTarget section */
		C132C1262B8B511E00C660FB /* 10818 */ = {
			isa = PBXNativeTarget;
			buildConfigurationList = C132C12D2B8B511E00C660FB /* Build configuration list for PBXNativeTarget "10818" */;
			buildPhases = (
				C132C1232B8B511E00C660FB /* Sources */,
				C132C1242B8B511E00C660FB /* Frameworks */,
				C132C1252B8B511E00C660FB /* CopyFiles */,
			);
			buildRules = (
			);
			dependencies = (
			);
			name = 10818;
			productName = 10818;
			productReference = C132C1272B8B511E00C660FB /* 10818 */;
			productType = "com.apple.product-type.tool";
		};
		C132C1312B8B54AF00C660FB /* 27866 */ = {
			isa = PBXNativeTarget;
			buildConfigurationList = C132C1362B8B54AF00C660FB /* Build configuration list for PBXNativeTarget "27866" */;
			buildPhases = (
				C132C12E2B8B54AF00C660FB /* Sources */,
				C132C12F2B8B54AF00C660FB /* Frameworks */,
				C132C1302B8B54AF00C660FB /* CopyFiles */,
			);
			buildRules = (
			);
			dependencies = (
			);
			name = 27866;
			productName = 27866;
			productReference = C132C1322B8B54AF00C660FB /* 27866 */;
			productType = "com.apple.product-type.tool";
		};
		C132C13C2B8B561600C660FB /* 1436 */ = {
			isa = PBXNativeTarget;
			buildConfigurationList = C132C1412B8B561600C660FB /* Build configuration list for PBXNativeTarget "1436" */;
			buildPhases = (
				C132C1392B8B561600C660FB /* Sources */,
				C132C13A2B8B561600C660FB /* Frameworks */,
				C132C13B2B8B561600C660FB /* CopyFiles */,
			);
			buildRules = (
			);
			dependencies = (
			);
			name = 1436;
			productName = 1436;
			productReference = C132C13D2B8B561600C660FB /* 1436 */;
			productType = "com.apple.product-type.tool";
		};
		C132C15E2B8CA41B00C660FB /* 2739 */ = {
			isa = PBXNativeTarget;
			buildConfigurationList = C132C1652B8CA41B00C660FB /* Build configuration list for PBXNativeTarget "2739" */;
			buildPhases = (
				C132C15B2B8CA41B00C660FB /* Sources */,
				C132C15C2B8CA41B00C660FB /* Frameworks */,
				C132C15D2B8CA41B00C660FB /* CopyFiles */,
			);
			buildRules = (
			);
			dependencies = (
			);
			name = 2739;
			productName = 2739;
			productReference = C132C15F2B8CA41B00C660FB /* 2739 */;
			productType = "com.apple.product-type.tool";
		};
		C132C1692B8CA54300C660FB /* 1018 */ = {
			isa = PBXNativeTarget;
			buildConfigurationList = C132C16E2B8CA54300C660FB /* Build configuration list for PBXNativeTarget "1018" */;
			buildPhases = (
				C132C1662B8CA54300C660FB /* Sources */,
				C132C1672B8CA54300C660FB /* Frameworks */,
				C132C1682B8CA54300C660FB /* CopyFiles */,
			);
			buildRules = (
			);
			dependencies = (
			);
			name = 1018;
			productName = 1018;
			productReference = C132C16A2B8CA54300C660FB /* 1018 */;
			productType = "com.apple.product-type.tool";
		};
		C15B41262B8D9730000B045D /* 1330 */ = {
			isa = PBXNativeTarget;
			buildConfigurationList = C15B412D2B8D9730000B045D /* Build configuration list for PBXNativeTarget "1330" */;
			buildPhases = (
				C15B41232B8D9730000B045D /* Sources */,
				C15B41242B8D9730000B045D /* Frameworks */,
				C15B41252B8D9730000B045D /* CopyFiles */,
			);
			buildRules = (
			);
			dependencies = (
			);
			name = 1330;
			productName = 1330;
			productReference = C15B41272B8D9730000B045D /* 1330 */;
			productType = "com.apple.product-type.tool";
		};
		C15B41312B8D97CF000B045D /* 2675 */ = {
			isa = PBXNativeTarget;
			buildConfigurationList = C15B41362B8D97CF000B045D /* Build configuration list for PBXNativeTarget "2675" */;
			buildPhases = (
				C15B412E2B8D97CF000B045D /* Sources */,
				C15B412F2B8D97CF000B045D /* Frameworks */,
				C15B41302B8D97CF000B045D /* CopyFiles */,
			);
			buildRules = (
			);
			dependencies = (
			);
			name = 2675;
			productName = 2675;
			productReference = C15B41322B8D97CF000B045D /* 2675 */;
			productType = "com.apple.product-type.tool";
		};
		C1BC98542B73D3080083E181 /* Algorithm */ = {
			isa = PBXNativeTarget;
			buildConfigurationList = C1BC985C2B73D3080083E181 /* Build configuration list for PBXNativeTarget "Algorithm" */;
			buildPhases = (
				C1BC98512B73D3080083E181 /* Sources */,
				C1BC98522B73D3080083E181 /* Frameworks */,
				C1BC98532B73D3080083E181 /* CopyFiles */,
			);
			buildRules = (
			);
			dependencies = (
			);
			name = Algorithm;
			productName = Algorithm;
			productReference = C1BC98552B73D3080083E181 /* Algorithm */;
			productType = "com.apple.product-type.tool";
		};
		C1BC98672B73D79A0083E181 /* 1152 */ = {
			isa = PBXNativeTarget;
			buildConfigurationList = C1BC986C2B73D79A0083E181 /* Build configuration list for PBXNativeTarget "1152" */;
			buildPhases = (
				C1BC98642B73D79A0083E181 /* Sources */,
				C1BC98652B73D79A0083E181 /* Frameworks */,
				C1BC98662B73D79A0083E181 /* CopyFiles */,
			);
			buildRules = (
			);
			dependencies = (
			);
			name = 1152;
			productName = 1152;
			productReference = C1BC98682B73D79A0083E181 /* 1152 */;
			productType = "com.apple.product-type.tool";
		};
		C1BC98742B73DC730083E181 /* 1157 */ = {
			isa = PBXNativeTarget;
			buildConfigurationList = C1BC98792B73DC730083E181 /* Build configuration list for PBXNativeTarget "1157" */;
			buildPhases = (
				C1BC98712B73DC730083E181 /* Sources */,
				C1BC98722B73DC730083E181 /* Frameworks */,
				C1BC98732B73DC730083E181 /* CopyFiles */,
			);
			buildRules = (
			);
			dependencies = (
			);
			name = 1157;
			productName = 1157;
			productReference = C1BC98752B73DC730083E181 /* 1157 */;
			productType = "com.apple.product-type.tool";
		};
		C1BC990B2B7B8D0A0083E181 /* 2439 */ = {
			isa = PBXNativeTarget;
			buildConfigurationList = C1BC99122B7B8D0A0083E181 /* Build configuration list for PBXNativeTarget "2439" */;
			buildPhases = (
				C1BC99082B7B8D0A0083E181 /* Sources */,
				C1BC99092B7B8D0A0083E181 /* Frameworks */,
				C1BC990A2B7B8D0A0083E181 /* CopyFiles */,
			);
			buildRules = (
			);
			dependencies = (
			);
			name = 2439;
			productName = 2439;
			productReference = C1BC990C2B7B8D0A0083E181 /* 2439 */;
			productType = "com.apple.product-type.tool";
		};
		C1BC99162B7B92190083E181 /* 2562 */ = {
			isa = PBXNativeTarget;
			buildConfigurationList = C1BC991B2B7B92190083E181 /* Build configuration list for PBXNativeTarget "2562" */;
			buildPhases = (
				C1BC99132B7B92190083E181 /* Sources */,
				C1BC99142B7B92190083E181 /* Frameworks */,
				C1BC99152B7B92190083E181 /* CopyFiles */,
			);
			buildRules = (
			);
			dependencies = (
			);
			name = 2562;
			productName = 2562;
			productReference = C1BC99172B7B92190083E181 /* 2562 */;
			productType = "com.apple.product-type.tool";
		};
		C1BC99212B7B93AA0083E181 /* 2577 */ = {
			isa = PBXNativeTarget;
			buildConfigurationList = C1BC99262B7B93AA0083E181 /* Build configuration list for PBXNativeTarget "2577" */;
			buildPhases = (
				C1BC991E2B7B93AA0083E181 /* Sources */,
				C1BC991F2B7B93AA0083E181 /* Frameworks */,
				C1BC99202B7B93AA0083E181 /* CopyFiles */,
			);
			buildRules = (
			);
			dependencies = (
			);
			name = 2577;
			productName = 2577;
			productReference = C1BC99222B7B93AA0083E181 /* 2577 */;
			productType = "com.apple.product-type.tool";
		};
		C1BC9A0B2B8640430083E181 /* 11720 */ = {
			isa = PBXNativeTarget;
			buildConfigurationList = C1BC9A122B8640430083E181 /* Build configuration list for PBXNativeTarget "11720" */;
			buildPhases = (
				C1BC9A082B8640430083E181 /* Sources */,
				C1BC9A092B8640430083E181 /* Frameworks */,
				C1BC9A0A2B8640430083E181 /* CopyFiles */,
			);
			buildRules = (
			);
			dependencies = (
			);
			name = 11720;
			productName = 11720;
			productReference = C1BC9A0C2B8640430083E181 /* 11720 */;
			productType = "com.apple.product-type.tool";
		};
/* End PBXNativeTarget section */

/* Begin PBXProject section */
		C1BC984D2B73D3070083E181 /* Project object */ = {
			isa = PBXProject;
			attributes = {
				BuildIndependentTargetsInParallel = 1;
				LastUpgradeCheck = 1520;
				TargetAttributes = {
					C132C1262B8B511E00C660FB = {
						CreatedOnToolsVersion = 15.2;
					};
					C132C1312B8B54AF00C660FB = {
						CreatedOnToolsVersion = 15.2;
					};
					C132C13C2B8B561600C660FB = {
						CreatedOnToolsVersion = 15.2;
					};
					C132C15E2B8CA41B00C660FB = {
						CreatedOnToolsVersion = 15.2;
					};
					C132C1692B8CA54300C660FB = {
						CreatedOnToolsVersion = 15.2;
					};
					C15B41262B8D9730000B045D = {
						CreatedOnToolsVersion = 15.2;
					};
					C15B41312B8D97CF000B045D = {
						CreatedOnToolsVersion = 15.2;
					};
					C1BC98542B73D3080083E181 = {
						CreatedOnToolsVersion = 15.2;
					};
					C1BC98672B73D79A0083E181 = {
						CreatedOnToolsVersion = 15.2;
					};
					C1BC98742B73DC730083E181 = {
						CreatedOnToolsVersion = 15.2;
					};
					C1BC990B2B7B8D0A0083E181 = {
						CreatedOnToolsVersion = 15.2;
					};
					C1BC99162B7B92190083E181 = {
						CreatedOnToolsVersion = 15.2;
					};
					C1BC99212B7B93AA0083E181 = {
						CreatedOnToolsVersion = 15.2;
					};
					C1BC9A0B2B8640430083E181 = {
						CreatedOnToolsVersion = 15.2;
					};
				};
			};
			buildConfigurationList = C1BC98502B73D3070083E181 /* Build configuration list for PBXProject "Algorithm" */;
			compatibilityVersion = "Xcode 14.0";
			developmentRegion = en;
			hasScannedForEncodings = 0;
			knownRegions = (
				en,
				Base,
			);
			mainGroup = C1BC984C2B73D3070083E181;
			productRefGroup = C1BC98562B73D3080083E181 /* Products */;
			projectDirPath = "";
			projectRoot = "";
			targets = (
				C1BC98542B73D3080083E181 /* Algorithm */,
				C1BC98672B73D79A0083E181 /* 1152 */,
				C1BC98742B73DC730083E181 /* 1157 */,
				C1BC990B2B7B8D0A0083E181 /* 2439 */,
				C1BC99162B7B92190083E181 /* 2562 */,
				C1BC99212B7B93AA0083E181 /* 2577 */,
				C1BC9A0B2B8640430083E181 /* 11720 */,
				C132C1262B8B511E00C660FB /* 10818 */,
				C132C1312B8B54AF00C660FB /* 27866 */,
				C132C13C2B8B561600C660FB /* 1436 */,
				C132C15E2B8CA41B00C660FB /* 2739 */,
				C132C1692B8CA54300C660FB /* 1018 */,
				C15B41262B8D9730000B045D /* 1330 */,
				C15B41312B8D97CF000B045D /* 2675 */,
			);
		};
/* End PBXProject section */

/* Begin PBXSourcesBuildPhase section */
		C132C1232B8B511E00C660FB /* Sources */ = {
			isa = PBXSourcesBuildPhase;
			buildActionMask = 2147483647;
			files = (
				C132C12A2B8B511E00C660FB /* main.cpp in Sources */,
			);
			runOnlyForDeploymentPostprocessing = 0;
		};
		C132C12E2B8B54AF00C660FB /* Sources */ = {
			isa = PBXSourcesBuildPhase;
			buildActionMask = 2147483647;
			files = (
				C132C1352B8B54AF00C660FB /* main.cpp in Sources */,
			);
			runOnlyForDeploymentPostprocessing = 0;
		};
		C132C1392B8B561600C660FB /* Sources */ = {
			isa = PBXSourcesBuildPhase;
			buildActionMask = 2147483647;
			files = (
				C132C1402B8B561600C660FB /* main.cpp in Sources */,
			);
			runOnlyForDeploymentPostprocessing = 0;
		};
		C132C15B2B8CA41B00C660FB /* Sources */ = {
			isa = PBXSourcesBuildPhase;
			buildActionMask = 2147483647;
			files = (
				C132C1622B8CA41B00C660FB /* main.cpp in Sources */,
			);
			runOnlyForDeploymentPostprocessing = 0;
		};
		C132C1662B8CA54300C660FB /* Sources */ = {
			isa = PBXSourcesBuildPhase;
			buildActionMask = 2147483647;
			files = (
				C132C16D2B8CA54300C660FB /* main.cpp in Sources */,
			);
			runOnlyForDeploymentPostprocessing = 0;
		};
		C15B41232B8D9730000B045D /* Sources */ = {
			isa = PBXSourcesBuildPhase;
			buildActionMask = 2147483647;
			files = (
				C15B412A2B8D9730000B045D /* main.cpp in Sources */,
			);
			runOnlyForDeploymentPostprocessing = 0;
		};
		C15B412E2B8D97CF000B045D /* Sources */ = {
			isa = PBXSourcesBuildPhase;
			buildActionMask = 2147483647;
			files = (
				C15B41352B8D97CF000B045D /* main.cpp in Sources */,
			);
			runOnlyForDeploymentPostprocessing = 0;
		};
		C1BC98512B73D3080083E181 /* Sources */ = {
			isa = PBXSourcesBuildPhase;
			buildActionMask = 2147483647;
			files = (
				C1BC98592B73D3080083E181 /* 1008.cpp in Sources */,
			);
			runOnlyForDeploymentPostprocessing = 0;
		};
		C1BC98642B73D79A0083E181 /* Sources */ = {
			isa = PBXSourcesBuildPhase;
			buildActionMask = 2147483647;
			files = (
				C1BC986B2B73D79A0083E181 /* main.cpp in Sources */,
			);
			runOnlyForDeploymentPostprocessing = 0;
		};
		C1BC98712B73DC730083E181 /* Sources */ = {
			isa = PBXSourcesBuildPhase;
			buildActionMask = 2147483647;
			files = (
				C1BC98782B73DC730083E181 /* main.cpp in Sources */,
			);
			runOnlyForDeploymentPostprocessing = 0;
		};
		C1BC99082B7B8D0A0083E181 /* Sources */ = {
			isa = PBXSourcesBuildPhase;
			buildActionMask = 2147483647;
			files = (
				C1BC990F2B7B8D0A0083E181 /* main.cpp in Sources */,
			);
			runOnlyForDeploymentPostprocessing = 0;
		};
		C1BC99132B7B92190083E181 /* Sources */ = {
			isa = PBXSourcesBuildPhase;
			buildActionMask = 2147483647;
			files = (
				C1BC991A2B7B92190083E181 /* main.cpp in Sources */,
			);
			runOnlyForDeploymentPostprocessing = 0;
		};
		C1BC991E2B7B93AA0083E181 /* Sources */ = {
			isa = PBXSourcesBuildPhase;
			buildActionMask = 2147483647;
			files = (
				C1BC99252B7B93AA0083E181 /* main.cpp in Sources */,
			);
			runOnlyForDeploymentPostprocessing = 0;
		};
		C1BC9A082B8640430083E181 /* Sources */ = {
			isa = PBXSourcesBuildPhase;
			buildActionMask = 2147483647;
			files = (
				C1BC9A0F2B8640430083E181 /* main.cpp in Sources */,
			);
			runOnlyForDeploymentPostprocessing = 0;
		};
/* End PBXSourcesBuildPhase section */

/* Begin XCBuildConfiguration section */
		C132C12B2B8B511E00C660FB /* Debug */ = {
			isa = XCBuildConfiguration;
			buildSettings = {
				CODE_SIGN_STYLE = Automatic;
				DEVELOPMENT_TEAM = MTUYFM4K8P;
				ENABLE_HARDENED_RUNTIME = YES;
				PRODUCT_NAME = "$(TARGET_NAME)";
			};
			name = Debug;
		};
		C132C12C2B8B511E00C660FB /* Release */ = {
			isa = XCBuildConfiguration;
			buildSettings = {
				CODE_SIGN_STYLE = Automatic;
				DEVELOPMENT_TEAM = MTUYFM4K8P;
				ENABLE_HARDENED_RUNTIME = YES;
				PRODUCT_NAME = "$(TARGET_NAME)";
			};
			name = Release;
		};
		C132C1372B8B54AF00C660FB /* Debug */ = {
			isa = XCBuildConfiguration;
			buildSettings = {
				CODE_SIGN_STYLE = Automatic;
				DEVELOPMENT_TEAM = MTUYFM4K8P;
				ENABLE_HARDENED_RUNTIME = YES;
				PRODUCT_NAME = "$(TARGET_NAME)";
			};
			name = Debug;
		};
		C132C1382B8B54AF00C660FB /* Release */ = {
			isa = XCBuildConfiguration;
			buildSettings = {
				CODE_SIGN_STYLE = Automatic;
				DEVELOPMENT_TEAM = MTUYFM4K8P;
				ENABLE_HARDENED_RUNTIME = YES;
				PRODUCT_NAME = "$(TARGET_NAME)";
			};
			name = Release;
		};
		C132C1422B8B561600C660FB /* Debug */ = {
			isa = XCBuildConfiguration;
			buildSettings = {
				CODE_SIGN_STYLE = Automatic;
				DEVELOPMENT_TEAM = MTUYFM4K8P;
				ENABLE_HARDENED_RUNTIME = YES;
				PRODUCT_NAME = "$(TARGET_NAME)";
			};
			name = Debug;
		};
		C132C1432B8B561600C660FB /* Release */ = {
			isa = XCBuildConfiguration;
			buildSettings = {
				CODE_SIGN_STYLE = Automatic;
				DEVELOPMENT_TEAM = MTUYFM4K8P;
				ENABLE_HARDENED_RUNTIME = YES;
				PRODUCT_NAME = "$(TARGET_NAME)";
			};
			name = Release;
		};
		C132C1632B8CA41B00C660FB /* Debug */ = {
			isa = XCBuildConfiguration;
			buildSettings = {
				CODE_SIGN_STYLE = Automatic;
				DEVELOPMENT_TEAM = MTUYFM4K8P;
				ENABLE_HARDENED_RUNTIME = YES;
				PRODUCT_NAME = "$(TARGET_NAME)";
			};
			name = Debug;
		};
		C132C1642B8CA41B00C660FB /* Release */ = {
			isa = XCBuildConfiguration;
			buildSettings = {
				CODE_SIGN_STYLE = Automatic;
				DEVELOPMENT_TEAM = MTUYFM4K8P;
				ENABLE_HARDENED_RUNTIME = YES;
				PRODUCT_NAME = "$(TARGET_NAME)";
			};
			name = Release;
		};
		C132C16F2B8CA54300C660FB /* Debug */ = {
			isa = XCBuildConfiguration;
			buildSettings = {
				CODE_SIGN_STYLE = Automatic;
				DEVELOPMENT_TEAM = MTUYFM4K8P;
				ENABLE_HARDENED_RUNTIME = YES;
				PRODUCT_NAME = "$(TARGET_NAME)";
			};
			name = Debug;
		};
		C132C1702B8CA54300C660FB /* Release */ = {
			isa = XCBuildConfiguration;
			buildSettings = {
				CODE_SIGN_STYLE = Automatic;
				DEVELOPMENT_TEAM = MTUYFM4K8P;
				ENABLE_HARDENED_RUNTIME = YES;
				PRODUCT_NAME = "$(TARGET_NAME)";
			};
			name = Release;
		};
		C15B412B2B8D9730000B045D /* Debug */ = {
			isa = XCBuildConfiguration;
			buildSettings = {
				CODE_SIGN_STYLE = Automatic;
				DEVELOPMENT_TEAM = MTUYFM4K8P;
				ENABLE_HARDENED_RUNTIME = YES;
				PRODUCT_NAME = "$(TARGET_NAME)";
			};
			name = Debug;
		};
		C15B412C2B8D9730000B045D /* Release */ = {
			isa = XCBuildConfiguration;
			buildSettings = {
				CODE_SIGN_STYLE = Automatic;
				DEVELOPMENT_TEAM = MTUYFM4K8P;
				ENABLE_HARDENED_RUNTIME = YES;
				PRODUCT_NAME = "$(TARGET_NAME)";
			};
			name = Release;
		};
		C15B41372B8D97CF000B045D /* Debug */ = {
			isa = XCBuildConfiguration;
			buildSettings = {
				CODE_SIGN_STYLE = Automatic;
				DEVELOPMENT_TEAM = MTUYFM4K8P;
				ENABLE_HARDENED_RUNTIME = YES;
				PRODUCT_NAME = "$(TARGET_NAME)";
			};
			name = Debug;
		};
		C15B41382B8D97CF000B045D /* Release */ = {
			isa = XCBuildConfiguration;
			buildSettings = {
				CODE_SIGN_STYLE = Automatic;
				DEVELOPMENT_TEAM = MTUYFM4K8P;
				ENABLE_HARDENED_RUNTIME = YES;
				PRODUCT_NAME = "$(TARGET_NAME)";
			};
			name = Release;
		};
		C1BC985A2B73D3080083E181 /* Debug */ = {
			isa = XCBuildConfiguration;
			buildSettings = {
				ALWAYS_SEARCH_USER_PATHS = NO;
				ASSETCATALOG_COMPILER_GENERATE_SWIFT_ASSET_SYMBOL_EXTENSIONS = YES;
				CLANG_ANALYZER_NONNULL = YES;
				CLANG_ANALYZER_NUMBER_OBJECT_CONVERSION = YES_AGGRESSIVE;
				CLANG_CXX_LANGUAGE_STANDARD = "gnu++20";
				CLANG_ENABLE_MODULES = YES;
				CLANG_ENABLE_OBJC_ARC = YES;
				CLANG_ENABLE_OBJC_WEAK = YES;
				CLANG_WARN_BLOCK_CAPTURE_AUTORELEASING = YES;
				CLANG_WARN_BOOL_CONVERSION = YES;
				CLANG_WARN_COMMA = YES;
				CLANG_WARN_CONSTANT_CONVERSION = YES;
				CLANG_WARN_DEPRECATED_OBJC_IMPLEMENTATIONS = YES;
				CLANG_WARN_DIRECT_OBJC_ISA_USAGE = YES_ERROR;
				CLANG_WARN_DOCUMENTATION_COMMENTS = YES;
				CLANG_WARN_EMPTY_BODY = YES;
				CLANG_WARN_ENUM_CONVERSION = YES;
				CLANG_WARN_INFINITE_RECURSION = YES;
				CLANG_WARN_INT_CONVERSION = YES;
				CLANG_WARN_NON_LITERAL_NULL_CONVERSION = YES;
				CLANG_WARN_OBJC_IMPLICIT_RETAIN_SELF = YES;
				CLANG_WARN_OBJC_LITERAL_CONVERSION = YES;
				CLANG_WARN_OBJC_ROOT_CLASS = YES_ERROR;
				CLANG_WARN_QUOTED_INCLUDE_IN_FRAMEWORK_HEADER = YES;
				CLANG_WARN_RANGE_LOOP_ANALYSIS = YES;
				CLANG_WARN_STRICT_PROTOTYPES = YES;
				CLANG_WARN_SUSPICIOUS_MOVE = YES;
				CLANG_WARN_UNGUARDED_AVAILABILITY = YES_AGGRESSIVE;
				CLANG_WARN_UNREACHABLE_CODE = YES;
				CLANG_WARN__DUPLICATE_METHOD_MATCH = YES;
				COPY_PHASE_STRIP = NO;
				DEBUG_INFORMATION_FORMAT = dwarf;
				ENABLE_STRICT_OBJC_MSGSEND = YES;
				ENABLE_TESTABILITY = YES;
				ENABLE_USER_SCRIPT_SANDBOXING = YES;
				GCC_C_LANGUAGE_STANDARD = gnu17;
				GCC_DYNAMIC_NO_PIC = NO;
				GCC_NO_COMMON_BLOCKS = YES;
				GCC_OPTIMIZATION_LEVEL = 0;
				GCC_PREPROCESSOR_DEFINITIONS = (
					"DEBUG=1",
					"$(inherited)",
				);
				GCC_WARN_64_TO_32_BIT_CONVERSION = YES;
				GCC_WARN_ABOUT_RETURN_TYPE = YES_ERROR;
				GCC_WARN_UNDECLARED_SELECTOR = YES;
				GCC_WARN_UNINITIALIZED_AUTOS = YES_AGGRESSIVE;
				GCC_WARN_UNUSED_FUNCTION = YES;
				GCC_WARN_UNUSED_VARIABLE = YES;
				LOCALIZATION_PREFERS_STRING_CATALOGS = YES;
				MACOSX_DEPLOYMENT_TARGET = 14.2;
				MTL_ENABLE_DEBUG_INFO = INCLUDE_SOURCE;
				MTL_FAST_MATH = YES;
				ONLY_ACTIVE_ARCH = YES;
				SDKROOT = macosx;
			};
			name = Debug;
		};
		C1BC985B2B73D3080083E181 /* Release */ = {
			isa = XCBuildConfiguration;
			buildSettings = {
				ALWAYS_SEARCH_USER_PATHS = NO;
				ASSETCATALOG_COMPILER_GENERATE_SWIFT_ASSET_SYMBOL_EXTENSIONS = YES;
				CLANG_ANALYZER_NONNULL = YES;
				CLANG_ANALYZER_NUMBER_OBJECT_CONVERSION = YES_AGGRESSIVE;
				CLANG_CXX_LANGUAGE_STANDARD = "gnu++20";
				CLANG_ENABLE_MODULES = YES;
				CLANG_ENABLE_OBJC_ARC = YES;
				CLANG_ENABLE_OBJC_WEAK = YES;
				CLANG_WARN_BLOCK_CAPTURE_AUTORELEASING = YES;
				CLANG_WARN_BOOL_CONVERSION = YES;
				CLANG_WARN_COMMA = YES;
				CLANG_WARN_CONSTANT_CONVERSION = YES;
				CLANG_WARN_DEPRECATED_OBJC_IMPLEMENTATIONS = YES;
				CLANG_WARN_DIRECT_OBJC_ISA_USAGE = YES_ERROR;
				CLANG_WARN_DOCUMENTATION_COMMENTS = YES;
				CLANG_WARN_EMPTY_BODY = YES;
				CLANG_WARN_ENUM_CONVERSION = YES;
				CLANG_WARN_INFINITE_RECURSION = YES;
				CLANG_WARN_INT_CONVERSION = YES;
				CLANG_WARN_NON_LITERAL_NULL_CONVERSION = YES;
				CLANG_WARN_OBJC_IMPLICIT_RETAIN_SELF = YES;
				CLANG_WARN_OBJC_LITERAL_CONVERSION = YES;
				CLANG_WARN_OBJC_ROOT_CLASS = YES_ERROR;
				CLANG_WARN_QUOTED_INCLUDE_IN_FRAMEWORK_HEADER = YES;
				CLANG_WARN_RANGE_LOOP_ANALYSIS = YES;
				CLANG_WARN_STRICT_PROTOTYPES = YES;
				CLANG_WARN_SUSPICIOUS_MOVE = YES;
				CLANG_WARN_UNGUARDED_AVAILABILITY = YES_AGGRESSIVE;
				CLANG_WARN_UNREACHABLE_CODE = YES;
				CLANG_WARN__DUPLICATE_METHOD_MATCH = YES;
				COPY_PHASE_STRIP = NO;
				DEBUG_INFORMATION_FORMAT = "dwarf-with-dsym";
				ENABLE_NS_ASSERTIONS = NO;
				ENABLE_STRICT_OBJC_MSGSEND = YES;
				ENABLE_USER_SCRIPT_SANDBOXING = YES;
				GCC_C_LANGUAGE_STANDARD = gnu17;
				GCC_NO_COMMON_BLOCKS = YES;
				GCC_WARN_64_TO_32_BIT_CONVERSION = YES;
				GCC_WARN_ABOUT_RETURN_TYPE = YES_ERROR;
				GCC_WARN_UNDECLARED_SELECTOR = YES;
				GCC_WARN_UNINITIALIZED_AUTOS = YES_AGGRESSIVE;
				GCC_WARN_UNUSED_FUNCTION = YES;
				GCC_WARN_UNUSED_VARIABLE = YES;
				LOCALIZATION_PREFERS_STRING_CATALOGS = YES;
				MACOSX_DEPLOYMENT_TARGET = 14.2;
				MTL_ENABLE_DEBUG_INFO = NO;
				MTL_FAST_MATH = YES;
				SDKROOT = macosx;
			};
			name = Release;
		};
		C1BC985D2B73D3080083E181 /* Debug */ = {
			isa = XCBuildConfiguration;
			buildSettings = {
				CODE_SIGN_STYLE = Automatic;
				DEVELOPMENT_TEAM = MTUYFM4K8P;
				ENABLE_HARDENED_RUNTIME = YES;
				PRODUCT_NAME = "$(TARGET_NAME)";
			};
			name = Debug;
		};
		C1BC985E2B73D3080083E181 /* Release */ = {
			isa = XCBuildConfiguration;
			buildSettings = {
				CODE_SIGN_STYLE = Automatic;
				DEVELOPMENT_TEAM = MTUYFM4K8P;
				ENABLE_HARDENED_RUNTIME = YES;
				PRODUCT_NAME = "$(TARGET_NAME)";
			};
			name = Release;
		};
		C1BC986D2B73D79A0083E181 /* Debug */ = {
			isa = XCBuildConfiguration;
			buildSettings = {
				CODE_SIGN_STYLE = Automatic;
				DEVELOPMENT_TEAM = MTUYFM4K8P;
				ENABLE_HARDENED_RUNTIME = YES;
				PRODUCT_NAME = "$(TARGET_NAME)";
			};
			name = Debug;
		};
		C1BC986E2B73D79A0083E181 /* Release */ = {
			isa = XCBuildConfiguration;
			buildSettings = {
				CODE_SIGN_STYLE = Automatic;
				DEVELOPMENT_TEAM = MTUYFM4K8P;
				ENABLE_HARDENED_RUNTIME = YES;
				PRODUCT_NAME = "$(TARGET_NAME)";
			};
			name = Release;
		};
		C1BC987A2B73DC730083E181 /* Debug */ = {
			isa = XCBuildConfiguration;
			buildSettings = {
				CODE_SIGN_STYLE = Automatic;
				DEVELOPMENT_TEAM = MTUYFM4K8P;
				ENABLE_HARDENED_RUNTIME = YES;
				PRODUCT_NAME = "$(TARGET_NAME)";
			};
			name = Debug;
		};
		C1BC987B2B73DC730083E181 /* Release */ = {
			isa = XCBuildConfiguration;
			buildSettings = {
				CODE_SIGN_STYLE = Automatic;
				DEVELOPMENT_TEAM = MTUYFM4K8P;
				ENABLE_HARDENED_RUNTIME = YES;
				PRODUCT_NAME = "$(TARGET_NAME)";
			};
			name = Release;
		};
		C1BC99102B7B8D0A0083E181 /* Debug */ = {
			isa = XCBuildConfiguration;
			buildSettings = {
				CODE_SIGN_STYLE = Automatic;
				DEVELOPMENT_TEAM = MTUYFM4K8P;
				ENABLE_HARDENED_RUNTIME = YES;
				PRODUCT_NAME = "$(TARGET_NAME)";
			};
			name = Debug;
		};
		C1BC99112B7B8D0A0083E181 /* Release */ = {
			isa = XCBuildConfiguration;
			buildSettings = {
				CODE_SIGN_STYLE = Automatic;
				DEVELOPMENT_TEAM = MTUYFM4K8P;
				ENABLE_HARDENED_RUNTIME = YES;
				PRODUCT_NAME = "$(TARGET_NAME)";
			};
			name = Release;
		};
		C1BC991C2B7B92190083E181 /* Debug */ = {
			isa = XCBuildConfiguration;
			buildSettings = {
				CODE_SIGN_STYLE = Automatic;
				DEVELOPMENT_TEAM = MTUYFM4K8P;
				ENABLE_HARDENED_RUNTIME = YES;
				PRODUCT_NAME = "$(TARGET_NAME)";
			};
			name = Debug;
		};
		C1BC991D2B7B92190083E181 /* Release */ = {
			isa = XCBuildConfiguration;
			buildSettings = {
				CODE_SIGN_STYLE = Automatic;
				DEVELOPMENT_TEAM = MTUYFM4K8P;
				ENABLE_HARDENED_RUNTIME = YES;
				PRODUCT_NAME = "$(TARGET_NAME)";
			};
			name = Release;
		};
		C1BC99272B7B93AA0083E181 /* Debug */ = {
			isa = XCBuildConfiguration;
			buildSettings = {
				CODE_SIGN_STYLE = Automatic;
				DEVELOPMENT_TEAM = MTUYFM4K8P;
				ENABLE_HARDENED_RUNTIME = YES;
				PRODUCT_NAME = "$(TARGET_NAME)";
			};
			name = Debug;
		};
		C1BC99282B7B93AA0083E181 /* Release */ = {
			isa = XCBuildConfiguration;
			buildSettings = {
				CODE_SIGN_STYLE = Automatic;
				DEVELOPMENT_TEAM = MTUYFM4K8P;
				ENABLE_HARDENED_RUNTIME = YES;
				PRODUCT_NAME = "$(TARGET_NAME)";
			};
			name = Release;
		};
		C1BC9A102B8640430083E181 /* Debug */ = {
			isa = XCBuildConfiguration;
			buildSettings = {
				CODE_SIGN_STYLE = Automatic;
				DEVELOPMENT_TEAM = MTUYFM4K8P;
				ENABLE_HARDENED_RUNTIME = YES;
				PRODUCT_NAME = "$(TARGET_NAME)";
			};
			name = Debug;
		};
		C1BC9A112B8640430083E181 /* Release */ = {
			isa = XCBuildConfiguration;
			buildSettings = {
				CODE_SIGN_STYLE = Automatic;
				DEVELOPMENT_TEAM = MTUYFM4K8P;
				ENABLE_HARDENED_RUNTIME = YES;
				PRODUCT_NAME = "$(TARGET_NAME)";
			};
			name = Release;
		};
/* End XCBuildConfiguration section */

/* Begin XCConfigurationList section */
		C132C12D2B8B511E00C660FB /* Build configuration list for PBXNativeTarget "10818" */ = {
			isa = XCConfigurationList;
			buildConfigurations = (
				C132C12B2B8B511E00C660FB /* Debug */,
				C132C12C2B8B511E00C660FB /* Release */,
			);
			defaultConfigurationIsVisible = 0;
			defaultConfigurationName = Release;
		};
		C132C1362B8B54AF00C660FB /* Build configuration list for PBXNativeTarget "27866" */ = {
			isa = XCConfigurationList;
			buildConfigurations = (
				C132C1372B8B54AF00C660FB /* Debug */,
				C132C1382B8B54AF00C660FB /* Release */,
			);
			defaultConfigurationIsVisible = 0;
			defaultConfigurationName = Release;
		};
		C132C1412B8B561600C660FB /* Build configuration list for PBXNativeTarget "1436" */ = {
			isa = XCConfigurationList;
			buildConfigurations = (
				C132C1422B8B561600C660FB /* Debug */,
				C132C1432B8B561600C660FB /* Release */,
			);
			defaultConfigurationIsVisible = 0;
			defaultConfigurationName = Release;
		};
		C132C1652B8CA41B00C660FB /* Build configuration list for PBXNativeTarget "2739" */ = {
			isa = XCConfigurationList;
			buildConfigurations = (
				C132C1632B8CA41B00C660FB /* Debug */,
				C132C1642B8CA41B00C660FB /* Release */,
			);
			defaultConfigurationIsVisible = 0;
			defaultConfigurationName = Release;
		};
		C132C16E2B8CA54300C660FB /* Build configuration list for PBXNativeTarget "1018" */ = {
			isa = XCConfigurationList;
			buildConfigurations = (
				C132C16F2B8CA54300C660FB /* Debug */,
				C132C1702B8CA54300C660FB /* Release */,
			);
			defaultConfigurationIsVisible = 0;
			defaultConfigurationName = Release;
		};
		C15B412D2B8D9730000B045D /* Build configuration list for PBXNativeTarget "1330" */ = {
			isa = XCConfigurationList;
			buildConfigurations = (
				C15B412B2B8D9730000B045D /* Debug */,
				C15B412C2B8D9730000B045D /* Release */,
			);
			defaultConfigurationIsVisible = 0;
			defaultConfigurationName = Release;
		};
		C15B41362B8D97CF000B045D /* Build configuration list for PBXNativeTarget "2675" */ = {
			isa = XCConfigurationList;
			buildConfigurations = (
				C15B41372B8D97CF000B045D /* Debug */,
				C15B41382B8D97CF000B045D /* Release */,
			);
			defaultConfigurationIsVisible = 0;
			defaultConfigurationName = Release;
		};
		C1BC98502B73D3070083E181 /* Build configuration list for PBXProject "Algorithm" */ = {
			isa = XCConfigurationList;
			buildConfigurations = (
				C1BC985A2B73D3080083E181 /* Debug */,
				C1BC985B2B73D3080083E181 /* Release */,
			);
			defaultConfigurationIsVisible = 0;
			defaultConfigurationName = Release;
		};
		C1BC985C2B73D3080083E181 /* Build configuration list for PBXNativeTarget "Algorithm" */ = {
			isa = XCConfigurationList;
			buildConfigurations = (
				C1BC985D2B73D3080083E181 /* Debug */,
				C1BC985E2B73D3080083E181 /* Release */,
			);
			defaultConfigurationIsVisible = 0;
			defaultConfigurationName = Release;
		};
		C1BC986C2B73D79A0083E181 /* Build configuration list for PBXNativeTarget "1152" */ = {
			isa = XCConfigurationList;
			buildConfigurations = (
				C1BC986D2B73D79A0083E181 /* Debug */,
				C1BC986E2B73D79A0083E181 /* Release */,
			);
			defaultConfigurationIsVisible = 0;
			defaultConfigurationName = Release;
		};
		C1BC98792B73DC730083E181 /* Build configuration list for PBXNativeTarget "1157" */ = {
			isa = XCConfigurationList;
			buildConfigurations = (
				C1BC987A2B73DC730083E181 /* Debug */,
				C1BC987B2B73DC730083E181 /* Release */,
			);
			defaultConfigurationIsVisible = 0;
			defaultConfigurationName = Release;
		};
		C1BC99122B7B8D0A0083E181 /* Build configuration list for PBXNativeTarget "2439" */ = {
			isa = XCConfigurationList;
			buildConfigurations = (
				C1BC99102B7B8D0A0083E181 /* Debug */,
				C1BC99112B7B8D0A0083E181 /* Release */,
			);
			defaultConfigurationIsVisible = 0;
			defaultConfigurationName = Release;
		};
		C1BC991B2B7B92190083E181 /* Build configuration list for PBXNativeTarget "2562" */ = {
			isa = XCConfigurationList;
			buildConfigurations = (
				C1BC991C2B7B92190083E181 /* Debug */,
				C1BC991D2B7B92190083E181 /* Release */,
			);
			defaultConfigurationIsVisible = 0;
			defaultConfigurationName = Release;
		};
		C1BC99262B7B93AA0083E181 /* Build configuration list for PBXNativeTarget "2577" */ = {
			isa = XCConfigurationList;
			buildConfigurations = (
				C1BC99272B7B93AA0083E181 /* Debug */,
				C1BC99282B7B93AA0083E181 /* Release */,
			);
			defaultConfigurationIsVisible = 0;
			defaultConfigurationName = Release;
		};
		C1BC9A122B8640430083E181 /* Build configuration list for PBXNativeTarget "11720" */ = {
			isa = XCConfigurationList;
			buildConfigurations = (
				C1BC9A102B8640430083E181 /* Debug */,
				C1BC9A112B8640430083E181 /* Release */,
			);
			defaultConfigurationIsVisible = 0;
			defaultConfigurationName = Release;
		};
/* End XCConfigurationList section */
	};
	rootObject = C1BC984D2B73D3070083E181 /* Project object */;
}
